
Microsoft Visual Studio Solution File, Format Version 12.00
# Visual Studio Version 16
VisualStudioVersion = 16.0.29728.190
MinimumVisualStudioVersion = 10.0.40219.1
Project("{FAE04EC0-301F-11D3-BF4B-00C04F79EFBC}") = "CombatManager", "CombatManager\CombatManager.csproj", "{37BB3C34-4D03-4B0E-9958-91CB107637E3}"
EndProject
Project("{54435603-DBB4-11D2-8724-00A0C9A8B90C}") = "CMInstaller", "CMInstaller\CMInstaller.vdproj", "{C2832D27-024F-46F9-8D76-3866E802D3AB}"
EndProject
Project("{FAE04EC0-301F-11D3-BF4B-00C04F79EFBC}") = "PropertyCreator", "PropertyCreator\PropertyCreator.csproj", "{E92568FC-0421-4C93-8C97-2DCA8138D9A8}"
EndProject
Project("{FAE04EC0-301F-11D3-BF4B-00C04F79EFBC}") = "RandomItemWeightFixer", "RandomItemWeightFixer\RandomItemWeightFixer.csproj", "{9A7BA3AE-5B2F-4DB2-9EB8-1985BB70B50D}"
EndProject
Project("{8BC9CEB8-8B4A-11D0-8D11-00A0C91BC942}") = "SQL Lite DLL", "SQLite\SQL Lite2010.vcxproj", "{A439CDFA-47B8-4103-91A0-66552227F05C}"
EndProject
Project("{FAE04EC0-301F-11D3-BF4B-00C04F79EFBC}") = "CombatManagerCore", "CombatManagerCore\CombatManagerCore.csproj", "{89CF9A2F-FAE7-46E5-B2CC-FC478D9662FA}"
EndProject
Project("{FAE04EC0-301F-11D3-BF4B-00C04F79EFBC}") = "DetailsRipper", "DetailsRipper\DetailsRipper.csproj", "{F8C41176-18CD-497C-BB89-7ECAE9DD451B}"
EndProject
Project("{FAE04EC0-301F-11D3-BF4B-00C04F79EFBC}") = "Zip DLL", "ZipDll\Zip DLL.csproj", "{D3B0AD67-44D8-4B3D-BED9-CE1FD6DE2C5A}"
EndProject
Project("{2150E333-8FDC-42A3-9474-1A3956D46DE8}") = "Solution Items", "Solution Items", "{50840E8F-CF64-408D-B518-0693B03E486F}"
	ProjectSection(SolutionItems) = preProject
		.editorconfig = .editorconfig
	EndProjectSection
EndProject
Project("{FAE04EC0-301F-11D3-BF4B-00C04F79EFBC}") = "CombatManagerCoreDroid", "CombatManagerCore\CombatManagerCoreDroid.csproj", "{2C035836-40C4-4941-8346-EB9606E84CF2}"
EndProject
Project("{FAE04EC0-301F-11D3-BF4B-00C04F79EFBC}") = "CombatManagerDroid", "CombatManagerDroid\CombatManagerDroid.csproj", "{E248A0D4-E371-4B60-BB5E-B44FA36E6EC2}"
EndProject
Project("{FAE04EC0-301F-11D3-BF4B-00C04F79EFBC}") = "CombatManagerCoreMono", "CombatManagerCore\CombatManagerCoreMono.csproj", "{A1770C4F-09EE-41F9-86AB-5672C3D42980}"
EndProject
Project("{FAE04EC0-301F-11D3-BF4B-00C04F79EFBC}") = "CombatManagerMono", "CombatManagerMono\CombatManagerMono.csproj", "{FBF8DA20-E124-43B8-9080-840F4BCF0453}"
EndProject
Project("{FAE04EC0-301F-11D3-BF4B-00C04F79EFBC}") = "PF2WebRipper", "PF2WebRipper\PF2WebRipper.csproj", "{73CA6F91-69A1-482F-8AAA-6F3D08D923D1}"
EndProject
Global
	GlobalSection(SolutionConfigurationPlatforms) = preSolution
		Ad-Hoc|Any CPU = Ad-Hoc|Any CPU
		Ad-Hoc|iPhone = Ad-Hoc|iPhone
		Ad-Hoc|iPhoneSimulator = Ad-Hoc|iPhoneSimulator
		Ad-Hoc|Mixed Platforms = Ad-Hoc|Mixed Platforms
		Ad-Hoc|Win32 = Ad-Hoc|Win32
		Ad-Hoc|x64 = Ad-Hoc|x64
		Ad-Hoc|x86 = Ad-Hoc|x86
		AppStore|Any CPU = AppStore|Any CPU
		AppStore|iPhone = AppStore|iPhone
		AppStore|iPhoneSimulator = AppStore|iPhoneSimulator
		AppStore|Mixed Platforms = AppStore|Mixed Platforms
		AppStore|Win32 = AppStore|Win32
		AppStore|x64 = AppStore|x64
		AppStore|x86 = AppStore|x86
		Debug|Any CPU = Debug|Any CPU
		Debug|iPhone = Debug|iPhone
		Debug|iPhoneSimulator = Debug|iPhoneSimulator
		Debug|Mixed Platforms = Debug|Mixed Platforms
		Debug|Win32 = Debug|Win32
		Debug|x64 = Debug|x64
		Debug|x86 = Debug|x86
		Distribution|Any CPU = Distribution|Any CPU
		Distribution|iPhone = Distribution|iPhone
		Distribution|iPhoneSimulator = Distribution|iPhoneSimulator
		Distribution|Mixed Platforms = Distribution|Mixed Platforms
		Distribution|Win32 = Distribution|Win32
		Distribution|x64 = Distribution|x64
		Distribution|x86 = Distribution|x86
		DistributionDebug|Any CPU = DistributionDebug|Any CPU
		DistributionDebug|iPhone = DistributionDebug|iPhone
		DistributionDebug|iPhoneSimulator = DistributionDebug|iPhoneSimulator
		DistributionDebug|Mixed Platforms = DistributionDebug|Mixed Platforms
		DistributionDebug|Win32 = DistributionDebug|Win32
		DistributionDebug|x64 = DistributionDebug|x64
		DistributionDebug|x86 = DistributionDebug|x86
		Release|Any CPU = Release|Any CPU
		Release|iPhone = Release|iPhone
		Release|iPhoneSimulator = Release|iPhoneSimulator
		Release|Mixed Platforms = Release|Mixed Platforms
		Release|Win32 = Release|Win32
		Release|x64 = Release|x64
		Release|x86 = Release|x86
	EndGlobalSection
	GlobalSection(ProjectConfigurationPlatforms) = postSolution
		{37BB3C34-4D03-4B0E-9958-91CB107637E3}.Ad-Hoc|Any CPU.ActiveCfg = Release|Any CPU
		{37BB3C34-4D03-4B0E-9958-91CB107637E3}.Ad-Hoc|Any CPU.Build.0 = Release|Any CPU
		{37BB3C34-4D03-4B0E-9958-91CB107637E3}.Ad-Hoc|iPhone.ActiveCfg = Release|Any CPU
		{37BB3C34-4D03-4B0E-9958-91CB107637E3}.Ad-Hoc|iPhone.Build.0 = Release|Any CPU
		{37BB3C34-4D03-4B0E-9958-91CB107637E3}.Ad-Hoc|iPhoneSimulator.ActiveCfg = Release|Any CPU
		{37BB3C34-4D03-4B0E-9958-91CB107637E3}.Ad-Hoc|iPhoneSimulator.Build.0 = Release|Any CPU
		{37BB3C34-4D03-4B0E-9958-91CB107637E3}.Ad-Hoc|Mixed Platforms.ActiveCfg = Release|Any CPU
		{37BB3C34-4D03-4B0E-9958-91CB107637E3}.Ad-Hoc|Mixed Platforms.Build.0 = Release|Any CPU
		{37BB3C34-4D03-4B0E-9958-91CB107637E3}.Ad-Hoc|Win32.ActiveCfg = Release|Any CPU
		{37BB3C34-4D03-4B0E-9958-91CB107637E3}.Ad-Hoc|Win32.Build.0 = Release|Any CPU
		{37BB3C34-4D03-4B0E-9958-91CB107637E3}.Ad-Hoc|x64.ActiveCfg = Release|Any CPU
		{37BB3C34-4D03-4B0E-9958-91CB107637E3}.Ad-Hoc|x64.Build.0 = Release|Any CPU
		{37BB3C34-4D03-4B0E-9958-91CB107637E3}.Ad-Hoc|x86.ActiveCfg = Release|Any CPU
		{37BB3C34-4D03-4B0E-9958-91CB107637E3}.Ad-Hoc|x86.Build.0 = Release|Any CPU
		{37BB3C34-4D03-4B0E-9958-91CB107637E3}.AppStore|Any CPU.ActiveCfg = Release|Any CPU
		{37BB3C34-4D03-4B0E-9958-91CB107637E3}.AppStore|Any CPU.Build.0 = Release|Any CPU
		{37BB3C34-4D03-4B0E-9958-91CB107637E3}.AppStore|iPhone.ActiveCfg = Release|Any CPU
		{37BB3C34-4D03-4B0E-9958-91CB107637E3}.AppStore|iPhone.Build.0 = Release|Any CPU
		{37BB3C34-4D03-4B0E-9958-91CB107637E3}.AppStore|iPhoneSimulator.ActiveCfg = Release|Any CPU
		{37BB3C34-4D03-4B0E-9958-91CB107637E3}.AppStore|iPhoneSimulator.Build.0 = Release|Any CPU
		{37BB3C34-4D03-4B0E-9958-91CB107637E3}.AppStore|Mixed Platforms.ActiveCfg = Release|Any CPU
		{37BB3C34-4D03-4B0E-9958-91CB107637E3}.AppStore|Mixed Platforms.Build.0 = Release|Any CPU
		{37BB3C34-4D03-4B0E-9958-91CB107637E3}.AppStore|Win32.ActiveCfg = Release|Any CPU
		{37BB3C34-4D03-4B0E-9958-91CB107637E3}.AppStore|Win32.Build.0 = Release|Any CPU
		{37BB3C34-4D03-4B0E-9958-91CB107637E3}.AppStore|x64.ActiveCfg = Release|Any CPU
		{37BB3C34-4D03-4B0E-9958-91CB107637E3}.AppStore|x64.Build.0 = Release|Any CPU
		{37BB3C34-4D03-4B0E-9958-91CB107637E3}.AppStore|x86.ActiveCfg = Release|Any CPU
		{37BB3C34-4D03-4B0E-9958-91CB107637E3}.AppStore|x86.Build.0 = Release|Any CPU
		{37BB3C34-4D03-4B0E-9958-91CB107637E3}.Debug|Any CPU.ActiveCfg = Debug|Any CPU
		{37BB3C34-4D03-4B0E-9958-91CB107637E3}.Debug|Any CPU.Build.0 = Debug|Any CPU
		{37BB3C34-4D03-4B0E-9958-91CB107637E3}.Debug|iPhone.ActiveCfg = Debug|Any CPU
		{37BB3C34-4D03-4B0E-9958-91CB107637E3}.Debug|iPhone.Build.0 = Debug|Any CPU
		{37BB3C34-4D03-4B0E-9958-91CB107637E3}.Debug|iPhoneSimulator.ActiveCfg = Debug|Any CPU
		{37BB3C34-4D03-4B0E-9958-91CB107637E3}.Debug|iPhoneSimulator.Build.0 = Debug|Any CPU
		{37BB3C34-4D03-4B0E-9958-91CB107637E3}.Debug|Mixed Platforms.ActiveCfg = Debug|Any CPU
		{37BB3C34-4D03-4B0E-9958-91CB107637E3}.Debug|Mixed Platforms.Build.0 = Debug|Any CPU
		{37BB3C34-4D03-4B0E-9958-91CB107637E3}.Debug|Win32.ActiveCfg = Debug|Any CPU
		{37BB3C34-4D03-4B0E-9958-91CB107637E3}.Debug|x64.ActiveCfg = Debug|Any CPU
		{37BB3C34-4D03-4B0E-9958-91CB107637E3}.Debug|x86.ActiveCfg = Debug|Any CPU
		{37BB3C34-4D03-4B0E-9958-91CB107637E3}.Distribution|Any CPU.ActiveCfg = Debug|Any CPU
		{37BB3C34-4D03-4B0E-9958-91CB107637E3}.Distribution|Any CPU.Build.0 = Debug|Any CPU
		{37BB3C34-4D03-4B0E-9958-91CB107637E3}.Distribution|iPhone.ActiveCfg = Debug|Any CPU
		{37BB3C34-4D03-4B0E-9958-91CB107637E3}.Distribution|iPhone.Build.0 = Debug|Any CPU
		{37BB3C34-4D03-4B0E-9958-91CB107637E3}.Distribution|iPhoneSimulator.ActiveCfg = Debug|Any CPU
		{37BB3C34-4D03-4B0E-9958-91CB107637E3}.Distribution|iPhoneSimulator.Build.0 = Debug|Any CPU
		{37BB3C34-4D03-4B0E-9958-91CB107637E3}.Distribution|Mixed Platforms.ActiveCfg = Debug|Any CPU
		{37BB3C34-4D03-4B0E-9958-91CB107637E3}.Distribution|Mixed Platforms.Build.0 = Debug|Any CPU
		{37BB3C34-4D03-4B0E-9958-91CB107637E3}.Distribution|Win32.ActiveCfg = Debug|Any CPU
		{37BB3C34-4D03-4B0E-9958-91CB107637E3}.Distribution|Win32.Build.0 = Debug|Any CPU
		{37BB3C34-4D03-4B0E-9958-91CB107637E3}.Distribution|x64.ActiveCfg = Debug|Any CPU
		{37BB3C34-4D03-4B0E-9958-91CB107637E3}.Distribution|x64.Build.0 = Debug|Any CPU
		{37BB3C34-4D03-4B0E-9958-91CB107637E3}.Distribution|x86.ActiveCfg = Debug|Any CPU
		{37BB3C34-4D03-4B0E-9958-91CB107637E3}.Distribution|x86.Build.0 = Debug|Any CPU
		{37BB3C34-4D03-4B0E-9958-91CB107637E3}.DistributionDebug|Any CPU.ActiveCfg = Debug|Any CPU
		{37BB3C34-4D03-4B0E-9958-91CB107637E3}.DistributionDebug|Any CPU.Build.0 = Debug|Any CPU
		{37BB3C34-4D03-4B0E-9958-91CB107637E3}.DistributionDebug|iPhone.ActiveCfg = Debug|Any CPU
		{37BB3C34-4D03-4B0E-9958-91CB107637E3}.DistributionDebug|iPhone.Build.0 = Debug|Any CPU
		{37BB3C34-4D03-4B0E-9958-91CB107637E3}.DistributionDebug|iPhoneSimulator.ActiveCfg = Debug|Any CPU
		{37BB3C34-4D03-4B0E-9958-91CB107637E3}.DistributionDebug|iPhoneSimulator.Build.0 = Debug|Any CPU
		{37BB3C34-4D03-4B0E-9958-91CB107637E3}.DistributionDebug|Mixed Platforms.ActiveCfg = Debug|Any CPU
		{37BB3C34-4D03-4B0E-9958-91CB107637E3}.DistributionDebug|Mixed Platforms.Build.0 = Debug|Any CPU
		{37BB3C34-4D03-4B0E-9958-91CB107637E3}.DistributionDebug|Win32.ActiveCfg = Debug|Any CPU
		{37BB3C34-4D03-4B0E-9958-91CB107637E3}.DistributionDebug|Win32.Build.0 = Debug|Any CPU
		{37BB3C34-4D03-4B0E-9958-91CB107637E3}.DistributionDebug|x64.ActiveCfg = Debug|Any CPU
		{37BB3C34-4D03-4B0E-9958-91CB107637E3}.DistributionDebug|x64.Build.0 = Debug|Any CPU
		{37BB3C34-4D03-4B0E-9958-91CB107637E3}.DistributionDebug|x86.ActiveCfg = Debug|Any CPU
		{37BB3C34-4D03-4B0E-9958-91CB107637E3}.DistributionDebug|x86.Build.0 = Debug|Any CPU
		{37BB3C34-4D03-4B0E-9958-91CB107637E3}.Release|Any CPU.ActiveCfg = Release|Any CPU
		{37BB3C34-4D03-4B0E-9958-91CB107637E3}.Release|Any CPU.Build.0 = Release|Any CPU
		{37BB3C34-4D03-4B0E-9958-91CB107637E3}.Release|iPhone.ActiveCfg = Release|Any CPU
		{37BB3C34-4D03-4B0E-9958-91CB107637E3}.Release|iPhone.Build.0 = Release|Any CPU
		{37BB3C34-4D03-4B0E-9958-91CB107637E3}.Release|iPhoneSimulator.ActiveCfg = Release|Any CPU
		{37BB3C34-4D03-4B0E-9958-91CB107637E3}.Release|iPhoneSimulator.Build.0 = Release|Any CPU
		{37BB3C34-4D03-4B0E-9958-91CB107637E3}.Release|Mixed Platforms.ActiveCfg = Release|Any CPU
		{37BB3C34-4D03-4B0E-9958-91CB107637E3}.Release|Mixed Platforms.Build.0 = Release|Any CPU
		{37BB3C34-4D03-4B0E-9958-91CB107637E3}.Release|Win32.ActiveCfg = Release|Any CPU
		{37BB3C34-4D03-4B0E-9958-91CB107637E3}.Release|x64.ActiveCfg = Release|Any CPU
		{37BB3C34-4D03-4B0E-9958-91CB107637E3}.Release|x86.ActiveCfg = Release|Any CPU
		{C2832D27-024F-46F9-8D76-3866E802D3AB}.Ad-Hoc|Any CPU.ActiveCfg = Release
		{C2832D27-024F-46F9-8D76-3866E802D3AB}.Ad-Hoc|Any CPU.Build.0 = Release
		{C2832D27-024F-46F9-8D76-3866E802D3AB}.Ad-Hoc|iPhone.ActiveCfg = Release
		{C2832D27-024F-46F9-8D76-3866E802D3AB}.Ad-Hoc|iPhone.Build.0 = Release
		{C2832D27-024F-46F9-8D76-3866E802D3AB}.Ad-Hoc|iPhoneSimulator.ActiveCfg = Release
		{C2832D27-024F-46F9-8D76-3866E802D3AB}.Ad-Hoc|iPhoneSimulator.Build.0 = Release
		{C2832D27-024F-46F9-8D76-3866E802D3AB}.Ad-Hoc|Mixed Platforms.ActiveCfg = Release
		{C2832D27-024F-46F9-8D76-3866E802D3AB}.Ad-Hoc|Mixed Platforms.Build.0 = Release
		{C2832D27-024F-46F9-8D76-3866E802D3AB}.Ad-Hoc|Win32.ActiveCfg = Release
		{C2832D27-024F-46F9-8D76-3866E802D3AB}.Ad-Hoc|Win32.Build.0 = Release
		{C2832D27-024F-46F9-8D76-3866E802D3AB}.Ad-Hoc|x64.ActiveCfg = Release
		{C2832D27-024F-46F9-8D76-3866E802D3AB}.Ad-Hoc|x64.Build.0 = Release
		{C2832D27-024F-46F9-8D76-3866E802D3AB}.Ad-Hoc|x86.ActiveCfg = Release
		{C2832D27-024F-46F9-8D76-3866E802D3AB}.Ad-Hoc|x86.Build.0 = Release
		{C2832D27-024F-46F9-8D76-3866E802D3AB}.AppStore|Any CPU.ActiveCfg = Release
		{C2832D27-024F-46F9-8D76-3866E802D3AB}.AppStore|Any CPU.Build.0 = Release
		{C2832D27-024F-46F9-8D76-3866E802D3AB}.AppStore|iPhone.ActiveCfg = Release
		{C2832D27-024F-46F9-8D76-3866E802D3AB}.AppStore|iPhone.Build.0 = Release
		{C2832D27-024F-46F9-8D76-3866E802D3AB}.AppStore|iPhoneSimulator.ActiveCfg = Release
		{C2832D27-024F-46F9-8D76-3866E802D3AB}.AppStore|iPhoneSimulator.Build.0 = Release
		{C2832D27-024F-46F9-8D76-3866E802D3AB}.AppStore|Mixed Platforms.ActiveCfg = Release
		{C2832D27-024F-46F9-8D76-3866E802D3AB}.AppStore|Mixed Platforms.Build.0 = Release
		{C2832D27-024F-46F9-8D76-3866E802D3AB}.AppStore|Win32.ActiveCfg = Release
		{C2832D27-024F-46F9-8D76-3866E802D3AB}.AppStore|Win32.Build.0 = Release
		{C2832D27-024F-46F9-8D76-3866E802D3AB}.AppStore|x64.ActiveCfg = Release
		{C2832D27-024F-46F9-8D76-3866E802D3AB}.AppStore|x64.Build.0 = Release
		{C2832D27-024F-46F9-8D76-3866E802D3AB}.AppStore|x86.ActiveCfg = Release
		{C2832D27-024F-46F9-8D76-3866E802D3AB}.AppStore|x86.Build.0 = Release
		{C2832D27-024F-46F9-8D76-3866E802D3AB}.Debug|Any CPU.ActiveCfg = Debug
		{C2832D27-024F-46F9-8D76-3866E802D3AB}.Debug|iPhone.ActiveCfg = Debug
		{C2832D27-024F-46F9-8D76-3866E802D3AB}.Debug|iPhone.Build.0 = Debug
		{C2832D27-024F-46F9-8D76-3866E802D3AB}.Debug|iPhoneSimulator.ActiveCfg = Debug
		{C2832D27-024F-46F9-8D76-3866E802D3AB}.Debug|iPhoneSimulator.Build.0 = Debug
		{C2832D27-024F-46F9-8D76-3866E802D3AB}.Debug|Mixed Platforms.ActiveCfg = Debug
		{C2832D27-024F-46F9-8D76-3866E802D3AB}.Debug|Win32.ActiveCfg = Debug
		{C2832D27-024F-46F9-8D76-3866E802D3AB}.Debug|Win32.Build.0 = Debug
		{C2832D27-024F-46F9-8D76-3866E802D3AB}.Debug|x64.ActiveCfg = Debug
		{C2832D27-024F-46F9-8D76-3866E802D3AB}.Debug|x64.Build.0 = Debug
		{C2832D27-024F-46F9-8D76-3866E802D3AB}.Debug|x86.ActiveCfg = Debug
		{C2832D27-024F-46F9-8D76-3866E802D3AB}.Debug|x86.Build.0 = Debug
		{C2832D27-024F-46F9-8D76-3866E802D3AB}.Distribution|Any CPU.ActiveCfg = Debug
		{C2832D27-024F-46F9-8D76-3866E802D3AB}.Distribution|Any CPU.Build.0 = Debug
		{C2832D27-024F-46F9-8D76-3866E802D3AB}.Distribution|iPhone.ActiveCfg = Debug
		{C2832D27-024F-46F9-8D76-3866E802D3AB}.Distribution|iPhone.Build.0 = Debug
		{C2832D27-024F-46F9-8D76-3866E802D3AB}.Distribution|iPhoneSimulator.ActiveCfg = Debug
		{C2832D27-024F-46F9-8D76-3866E802D3AB}.Distribution|iPhoneSimulator.Build.0 = Debug
		{C2832D27-024F-46F9-8D76-3866E802D3AB}.Distribution|Mixed Platforms.ActiveCfg = Debug
		{C2832D27-024F-46F9-8D76-3866E802D3AB}.Distribution|Mixed Platforms.Build.0 = Debug
		{C2832D27-024F-46F9-8D76-3866E802D3AB}.Distribution|Win32.ActiveCfg = Debug
		{C2832D27-024F-46F9-8D76-3866E802D3AB}.Distribution|Win32.Build.0 = Debug
		{C2832D27-024F-46F9-8D76-3866E802D3AB}.Distribution|x64.ActiveCfg = Debug
		{C2832D27-024F-46F9-8D76-3866E802D3AB}.Distribution|x64.Build.0 = Debug
		{C2832D27-024F-46F9-8D76-3866E802D3AB}.Distribution|x86.ActiveCfg = Debug
		{C2832D27-024F-46F9-8D76-3866E802D3AB}.Distribution|x86.Build.0 = Debug
		{C2832D27-024F-46F9-8D76-3866E802D3AB}.DistributionDebug|Any CPU.ActiveCfg = Debug
		{C2832D27-024F-46F9-8D76-3866E802D3AB}.DistributionDebug|Any CPU.Build.0 = Debug
		{C2832D27-024F-46F9-8D76-3866E802D3AB}.DistributionDebug|iPhone.ActiveCfg = Debug
		{C2832D27-024F-46F9-8D76-3866E802D3AB}.DistributionDebug|iPhone.Build.0 = Debug
		{C2832D27-024F-46F9-8D76-3866E802D3AB}.DistributionDebug|iPhoneSimulator.ActiveCfg = Debug
		{C2832D27-024F-46F9-8D76-3866E802D3AB}.DistributionDebug|iPhoneSimulator.Build.0 = Debug
		{C2832D27-024F-46F9-8D76-3866E802D3AB}.DistributionDebug|Mixed Platforms.ActiveCfg = Debug
		{C2832D27-024F-46F9-8D76-3866E802D3AB}.DistributionDebug|Mixed Platforms.Build.0 = Debug
		{C2832D27-024F-46F9-8D76-3866E802D3AB}.DistributionDebug|Win32.ActiveCfg = Debug
		{C2832D27-024F-46F9-8D76-3866E802D3AB}.DistributionDebug|Win32.Build.0 = Debug
		{C2832D27-024F-46F9-8D76-3866E802D3AB}.DistributionDebug|x64.ActiveCfg = Debug
		{C2832D27-024F-46F9-8D76-3866E802D3AB}.DistributionDebug|x64.Build.0 = Debug
		{C2832D27-024F-46F9-8D76-3866E802D3AB}.DistributionDebug|x86.ActiveCfg = Debug
		{C2832D27-024F-46F9-8D76-3866E802D3AB}.DistributionDebug|x86.Build.0 = Debug
		{C2832D27-024F-46F9-8D76-3866E802D3AB}.Release|Any CPU.ActiveCfg = Release
		{C2832D27-024F-46F9-8D76-3866E802D3AB}.Release|iPhone.ActiveCfg = Release
		{C2832D27-024F-46F9-8D76-3866E802D3AB}.Release|iPhone.Build.0 = Release
		{C2832D27-024F-46F9-8D76-3866E802D3AB}.Release|iPhoneSimulator.ActiveCfg = Release
		{C2832D27-024F-46F9-8D76-3866E802D3AB}.Release|iPhoneSimulator.Build.0 = Release
		{C2832D27-024F-46F9-8D76-3866E802D3AB}.Release|Mixed Platforms.ActiveCfg = Release
		{C2832D27-024F-46F9-8D76-3866E802D3AB}.Release|Mixed Platforms.Build.0 = Release
		{C2832D27-024F-46F9-8D76-3866E802D3AB}.Release|Win32.ActiveCfg = Release
		{C2832D27-024F-46F9-8D76-3866E802D3AB}.Release|Win32.Build.0 = Release
		{C2832D27-024F-46F9-8D76-3866E802D3AB}.Release|x64.ActiveCfg = Release
		{C2832D27-024F-46F9-8D76-3866E802D3AB}.Release|x64.Build.0 = Release
		{C2832D27-024F-46F9-8D76-3866E802D3AB}.Release|x86.ActiveCfg = Release
		{C2832D27-024F-46F9-8D76-3866E802D3AB}.Release|x86.Build.0 = Release
		{E92568FC-0421-4C93-8C97-2DCA8138D9A8}.Ad-Hoc|Any CPU.ActiveCfg = Release|x86
		{E92568FC-0421-4C93-8C97-2DCA8138D9A8}.Ad-Hoc|Any CPU.Build.0 = Release|x86
		{E92568FC-0421-4C93-8C97-2DCA8138D9A8}.Ad-Hoc|iPhone.ActiveCfg = Release|x86
		{E92568FC-0421-4C93-8C97-2DCA8138D9A8}.Ad-Hoc|iPhone.Build.0 = Release|x86
		{E92568FC-0421-4C93-8C97-2DCA8138D9A8}.Ad-Hoc|iPhoneSimulator.ActiveCfg = Release|x86
		{E92568FC-0421-4C93-8C97-2DCA8138D9A8}.Ad-Hoc|iPhoneSimulator.Build.0 = Release|x86
		{E92568FC-0421-4C93-8C97-2DCA8138D9A8}.Ad-Hoc|Mixed Platforms.ActiveCfg = Release|x86
		{E92568FC-0421-4C93-8C97-2DCA8138D9A8}.Ad-Hoc|Mixed Platforms.Build.0 = Release|x86
		{E92568FC-0421-4C93-8C97-2DCA8138D9A8}.Ad-Hoc|Win32.ActiveCfg = Release|x86
		{E92568FC-0421-4C93-8C97-2DCA8138D9A8}.Ad-Hoc|Win32.Build.0 = Release|x86
		{E92568FC-0421-4C93-8C97-2DCA8138D9A8}.Ad-Hoc|x64.ActiveCfg = Release|x86
		{E92568FC-0421-4C93-8C97-2DCA8138D9A8}.Ad-Hoc|x64.Build.0 = Release|x86
		{E92568FC-0421-4C93-8C97-2DCA8138D9A8}.Ad-Hoc|x86.ActiveCfg = Release|x86
		{E92568FC-0421-4C93-8C97-2DCA8138D9A8}.Ad-Hoc|x86.Build.0 = Release|x86
		{E92568FC-0421-4C93-8C97-2DCA8138D9A8}.AppStore|Any CPU.ActiveCfg = Release|x86
		{E92568FC-0421-4C93-8C97-2DCA8138D9A8}.AppStore|Any CPU.Build.0 = Release|x86
		{E92568FC-0421-4C93-8C97-2DCA8138D9A8}.AppStore|iPhone.ActiveCfg = Release|x86
		{E92568FC-0421-4C93-8C97-2DCA8138D9A8}.AppStore|iPhone.Build.0 = Release|x86
		{E92568FC-0421-4C93-8C97-2DCA8138D9A8}.AppStore|iPhoneSimulator.ActiveCfg = Release|x86
		{E92568FC-0421-4C93-8C97-2DCA8138D9A8}.AppStore|iPhoneSimulator.Build.0 = Release|x86
		{E92568FC-0421-4C93-8C97-2DCA8138D9A8}.AppStore|Mixed Platforms.ActiveCfg = Release|x86
		{E92568FC-0421-4C93-8C97-2DCA8138D9A8}.AppStore|Mixed Platforms.Build.0 = Release|x86
		{E92568FC-0421-4C93-8C97-2DCA8138D9A8}.AppStore|Win32.ActiveCfg = Release|x86
		{E92568FC-0421-4C93-8C97-2DCA8138D9A8}.AppStore|Win32.Build.0 = Release|x86
		{E92568FC-0421-4C93-8C97-2DCA8138D9A8}.AppStore|x64.ActiveCfg = Release|x86
		{E92568FC-0421-4C93-8C97-2DCA8138D9A8}.AppStore|x64.Build.0 = Release|x86
		{E92568FC-0421-4C93-8C97-2DCA8138D9A8}.AppStore|x86.ActiveCfg = Release|x86
		{E92568FC-0421-4C93-8C97-2DCA8138D9A8}.AppStore|x86.Build.0 = Release|x86
		{E92568FC-0421-4C93-8C97-2DCA8138D9A8}.Debug|Any CPU.ActiveCfg = Debug|x86
		{E92568FC-0421-4C93-8C97-2DCA8138D9A8}.Debug|Any CPU.Build.0 = Debug|x86
		{E92568FC-0421-4C93-8C97-2DCA8138D9A8}.Debug|iPhone.ActiveCfg = Debug|x86
		{E92568FC-0421-4C93-8C97-2DCA8138D9A8}.Debug|iPhoneSimulator.ActiveCfg = Debug|x86
		{E92568FC-0421-4C93-8C97-2DCA8138D9A8}.Debug|Mixed Platforms.ActiveCfg = Debug|x86
		{E92568FC-0421-4C93-8C97-2DCA8138D9A8}.Debug|Mixed Platforms.Build.0 = Debug|x86
		{E92568FC-0421-4C93-8C97-2DCA8138D9A8}.Debug|Win32.ActiveCfg = Debug|x86
		{E92568FC-0421-4C93-8C97-2DCA8138D9A8}.Debug|x64.ActiveCfg = Debug|x86
		{E92568FC-0421-4C93-8C97-2DCA8138D9A8}.Debug|x86.ActiveCfg = Debug|x86
		{E92568FC-0421-4C93-8C97-2DCA8138D9A8}.Debug|x86.Build.0 = Debug|x86
		{E92568FC-0421-4C93-8C97-2DCA8138D9A8}.Distribution|Any CPU.ActiveCfg = Release|x86
		{E92568FC-0421-4C93-8C97-2DCA8138D9A8}.Distribution|Any CPU.Build.0 = Release|x86
		{E92568FC-0421-4C93-8C97-2DCA8138D9A8}.Distribution|iPhone.ActiveCfg = Release|x86
		{E92568FC-0421-4C93-8C97-2DCA8138D9A8}.Distribution|iPhone.Build.0 = Release|x86
		{E92568FC-0421-4C93-8C97-2DCA8138D9A8}.Distribution|iPhoneSimulator.ActiveCfg = Release|x86
		{E92568FC-0421-4C93-8C97-2DCA8138D9A8}.Distribution|iPhoneSimulator.Build.0 = Release|x86
		{E92568FC-0421-4C93-8C97-2DCA8138D9A8}.Distribution|Mixed Platforms.ActiveCfg = Debug|x86
		{E92568FC-0421-4C93-8C97-2DCA8138D9A8}.Distribution|Mixed Platforms.Build.0 = Debug|x86
		{E92568FC-0421-4C93-8C97-2DCA8138D9A8}.Distribution|Win32.ActiveCfg = Debug|x86
		{E92568FC-0421-4C93-8C97-2DCA8138D9A8}.Distribution|Win32.Build.0 = Debug|x86
		{E92568FC-0421-4C93-8C97-2DCA8138D9A8}.Distribution|x64.ActiveCfg = Release|x86
		{E92568FC-0421-4C93-8C97-2DCA8138D9A8}.Distribution|x64.Build.0 = Release|x86
		{E92568FC-0421-4C93-8C97-2DCA8138D9A8}.Distribution|x86.ActiveCfg = Debug|x86
		{E92568FC-0421-4C93-8C97-2DCA8138D9A8}.Distribution|x86.Build.0 = Debug|x86
		{E92568FC-0421-4C93-8C97-2DCA8138D9A8}.DistributionDebug|Any CPU.ActiveCfg = Release|x86
		{E92568FC-0421-4C93-8C97-2DCA8138D9A8}.DistributionDebug|Any CPU.Build.0 = Release|x86
		{E92568FC-0421-4C93-8C97-2DCA8138D9A8}.DistributionDebug|iPhone.ActiveCfg = Release|x86
		{E92568FC-0421-4C93-8C97-2DCA8138D9A8}.DistributionDebug|iPhone.Build.0 = Release|x86
		{E92568FC-0421-4C93-8C97-2DCA8138D9A8}.DistributionDebug|iPhoneSimulator.ActiveCfg = Release|x86
		{E92568FC-0421-4C93-8C97-2DCA8138D9A8}.DistributionDebug|iPhoneSimulator.Build.0 = Release|x86
		{E92568FC-0421-4C93-8C97-2DCA8138D9A8}.DistributionDebug|Mixed Platforms.ActiveCfg = Debug|x86
		{E92568FC-0421-4C93-8C97-2DCA8138D9A8}.DistributionDebug|Mixed Platforms.Build.0 = Debug|x86
		{E92568FC-0421-4C93-8C97-2DCA8138D9A8}.DistributionDebug|Win32.ActiveCfg = Debug|x86
		{E92568FC-0421-4C93-8C97-2DCA8138D9A8}.DistributionDebug|Win32.Build.0 = Debug|x86
		{E92568FC-0421-4C93-8C97-2DCA8138D9A8}.DistributionDebug|x64.ActiveCfg = Release|x86
		{E92568FC-0421-4C93-8C97-2DCA8138D9A8}.DistributionDebug|x64.Build.0 = Release|x86
		{E92568FC-0421-4C93-8C97-2DCA8138D9A8}.DistributionDebug|x86.ActiveCfg = Debug|x86
		{E92568FC-0421-4C93-8C97-2DCA8138D9A8}.DistributionDebug|x86.Build.0 = Debug|x86
		{E92568FC-0421-4C93-8C97-2DCA8138D9A8}.Release|Any CPU.ActiveCfg = Release|x86
		{E92568FC-0421-4C93-8C97-2DCA8138D9A8}.Release|iPhone.ActiveCfg = Release|x86
		{E92568FC-0421-4C93-8C97-2DCA8138D9A8}.Release|iPhoneSimulator.ActiveCfg = Release|x86
		{E92568FC-0421-4C93-8C97-2DCA8138D9A8}.Release|Mixed Platforms.ActiveCfg = Release|x86
		{E92568FC-0421-4C93-8C97-2DCA8138D9A8}.Release|Mixed Platforms.Build.0 = Release|x86
		{E92568FC-0421-4C93-8C97-2DCA8138D9A8}.Release|Win32.ActiveCfg = Release|x86
		{E92568FC-0421-4C93-8C97-2DCA8138D9A8}.Release|x64.ActiveCfg = Release|x86
		{E92568FC-0421-4C93-8C97-2DCA8138D9A8}.Release|x86.ActiveCfg = Release|x86
		{E92568FC-0421-4C93-8C97-2DCA8138D9A8}.Release|x86.Build.0 = Release|x86
		{9A7BA3AE-5B2F-4DB2-9EB8-1985BB70B50D}.Ad-Hoc|Any CPU.ActiveCfg = Release|x86
		{9A7BA3AE-5B2F-4DB2-9EB8-1985BB70B50D}.Ad-Hoc|Any CPU.Build.0 = Release|x86
		{9A7BA3AE-5B2F-4DB2-9EB8-1985BB70B50D}.Ad-Hoc|iPhone.ActiveCfg = Release|x86
		{9A7BA3AE-5B2F-4DB2-9EB8-1985BB70B50D}.Ad-Hoc|iPhone.Build.0 = Release|x86
		{9A7BA3AE-5B2F-4DB2-9EB8-1985BB70B50D}.Ad-Hoc|iPhoneSimulator.ActiveCfg = Release|x86
		{9A7BA3AE-5B2F-4DB2-9EB8-1985BB70B50D}.Ad-Hoc|iPhoneSimulator.Build.0 = Release|x86
		{9A7BA3AE-5B2F-4DB2-9EB8-1985BB70B50D}.Ad-Hoc|Mixed Platforms.ActiveCfg = Release|x86
		{9A7BA3AE-5B2F-4DB2-9EB8-1985BB70B50D}.Ad-Hoc|Mixed Platforms.Build.0 = Release|x86
		{9A7BA3AE-5B2F-4DB2-9EB8-1985BB70B50D}.Ad-Hoc|Win32.ActiveCfg = Release|x86
		{9A7BA3AE-5B2F-4DB2-9EB8-1985BB70B50D}.Ad-Hoc|Win32.Build.0 = Release|x86
		{9A7BA3AE-5B2F-4DB2-9EB8-1985BB70B50D}.Ad-Hoc|x64.ActiveCfg = Release|x86
		{9A7BA3AE-5B2F-4DB2-9EB8-1985BB70B50D}.Ad-Hoc|x64.Build.0 = Release|x86
		{9A7BA3AE-5B2F-4DB2-9EB8-1985BB70B50D}.Ad-Hoc|x86.ActiveCfg = Release|x86
		{9A7BA3AE-5B2F-4DB2-9EB8-1985BB70B50D}.Ad-Hoc|x86.Build.0 = Release|x86
		{9A7BA3AE-5B2F-4DB2-9EB8-1985BB70B50D}.AppStore|Any CPU.ActiveCfg = Release|x86
		{9A7BA3AE-5B2F-4DB2-9EB8-1985BB70B50D}.AppStore|Any CPU.Build.0 = Release|x86
		{9A7BA3AE-5B2F-4DB2-9EB8-1985BB70B50D}.AppStore|iPhone.ActiveCfg = Release|x86
		{9A7BA3AE-5B2F-4DB2-9EB8-1985BB70B50D}.AppStore|iPhone.Build.0 = Release|x86
		{9A7BA3AE-5B2F-4DB2-9EB8-1985BB70B50D}.AppStore|iPhoneSimulator.ActiveCfg = Release|x86
		{9A7BA3AE-5B2F-4DB2-9EB8-1985BB70B50D}.AppStore|iPhoneSimulator.Build.0 = Release|x86
		{9A7BA3AE-5B2F-4DB2-9EB8-1985BB70B50D}.AppStore|Mixed Platforms.ActiveCfg = Release|x86
		{9A7BA3AE-5B2F-4DB2-9EB8-1985BB70B50D}.AppStore|Mixed Platforms.Build.0 = Release|x86
		{9A7BA3AE-5B2F-4DB2-9EB8-1985BB70B50D}.AppStore|Win32.ActiveCfg = Release|x86
		{9A7BA3AE-5B2F-4DB2-9EB8-1985BB70B50D}.AppStore|Win32.Build.0 = Release|x86
		{9A7BA3AE-5B2F-4DB2-9EB8-1985BB70B50D}.AppStore|x64.ActiveCfg = Release|x86
		{9A7BA3AE-5B2F-4DB2-9EB8-1985BB70B50D}.AppStore|x64.Build.0 = Release|x86
		{9A7BA3AE-5B2F-4DB2-9EB8-1985BB70B50D}.AppStore|x86.ActiveCfg = Release|x86
		{9A7BA3AE-5B2F-4DB2-9EB8-1985BB70B50D}.AppStore|x86.Build.0 = Release|x86
		{9A7BA3AE-5B2F-4DB2-9EB8-1985BB70B50D}.Debug|Any CPU.ActiveCfg = Debug|x86
		{9A7BA3AE-5B2F-4DB2-9EB8-1985BB70B50D}.Debug|Any CPU.Build.0 = Debug|x86
		{9A7BA3AE-5B2F-4DB2-9EB8-1985BB70B50D}.Debug|iPhone.ActiveCfg = Debug|x86
		{9A7BA3AE-5B2F-4DB2-9EB8-1985BB70B50D}.Debug|iPhoneSimulator.ActiveCfg = Debug|x86
		{9A7BA3AE-5B2F-4DB2-9EB8-1985BB70B50D}.Debug|Mixed Platforms.ActiveCfg = Debug|x86
		{9A7BA3AE-5B2F-4DB2-9EB8-1985BB70B50D}.Debug|Mixed Platforms.Build.0 = Debug|x86
		{9A7BA3AE-5B2F-4DB2-9EB8-1985BB70B50D}.Debug|Win32.ActiveCfg = Debug|x86
		{9A7BA3AE-5B2F-4DB2-9EB8-1985BB70B50D}.Debug|x64.ActiveCfg = Debug|x86
		{9A7BA3AE-5B2F-4DB2-9EB8-1985BB70B50D}.Debug|x86.ActiveCfg = Debug|x86
		{9A7BA3AE-5B2F-4DB2-9EB8-1985BB70B50D}.Debug|x86.Build.0 = Debug|x86
		{9A7BA3AE-5B2F-4DB2-9EB8-1985BB70B50D}.Distribution|Any CPU.ActiveCfg = Release|x86
		{9A7BA3AE-5B2F-4DB2-9EB8-1985BB70B50D}.Distribution|Any CPU.Build.0 = Release|x86
		{9A7BA3AE-5B2F-4DB2-9EB8-1985BB70B50D}.Distribution|iPhone.ActiveCfg = Release|x86
		{9A7BA3AE-5B2F-4DB2-9EB8-1985BB70B50D}.Distribution|iPhone.Build.0 = Release|x86
		{9A7BA3AE-5B2F-4DB2-9EB8-1985BB70B50D}.Distribution|iPhoneSimulator.ActiveCfg = Release|x86
		{9A7BA3AE-5B2F-4DB2-9EB8-1985BB70B50D}.Distribution|iPhoneSimulator.Build.0 = Release|x86
		{9A7BA3AE-5B2F-4DB2-9EB8-1985BB70B50D}.Distribution|Mixed Platforms.ActiveCfg = Debug|x86
		{9A7BA3AE-5B2F-4DB2-9EB8-1985BB70B50D}.Distribution|Mixed Platforms.Build.0 = Debug|x86
		{9A7BA3AE-5B2F-4DB2-9EB8-1985BB70B50D}.Distribution|Win32.ActiveCfg = Debug|x86
		{9A7BA3AE-5B2F-4DB2-9EB8-1985BB70B50D}.Distribution|Win32.Build.0 = Debug|x86
		{9A7BA3AE-5B2F-4DB2-9EB8-1985BB70B50D}.Distribution|x64.ActiveCfg = Release|x86
		{9A7BA3AE-5B2F-4DB2-9EB8-1985BB70B50D}.Distribution|x64.Build.0 = Release|x86
		{9A7BA3AE-5B2F-4DB2-9EB8-1985BB70B50D}.Distribution|x86.ActiveCfg = Debug|x86
		{9A7BA3AE-5B2F-4DB2-9EB8-1985BB70B50D}.Distribution|x86.Build.0 = Debug|x86
		{9A7BA3AE-5B2F-4DB2-9EB8-1985BB70B50D}.DistributionDebug|Any CPU.ActiveCfg = Release|x86
		{9A7BA3AE-5B2F-4DB2-9EB8-1985BB70B50D}.DistributionDebug|Any CPU.Build.0 = Release|x86
		{9A7BA3AE-5B2F-4DB2-9EB8-1985BB70B50D}.DistributionDebug|iPhone.ActiveCfg = Release|x86
		{9A7BA3AE-5B2F-4DB2-9EB8-1985BB70B50D}.DistributionDebug|iPhone.Build.0 = Release|x86
		{9A7BA3AE-5B2F-4DB2-9EB8-1985BB70B50D}.DistributionDebug|iPhoneSimulator.ActiveCfg = Release|x86
		{9A7BA3AE-5B2F-4DB2-9EB8-1985BB70B50D}.DistributionDebug|iPhoneSimulator.Build.0 = Release|x86
		{9A7BA3AE-5B2F-4DB2-9EB8-1985BB70B50D}.DistributionDebug|Mixed Platforms.ActiveCfg = Debug|x86
		{9A7BA3AE-5B2F-4DB2-9EB8-1985BB70B50D}.DistributionDebug|Mixed Platforms.Build.0 = Debug|x86
		{9A7BA3AE-5B2F-4DB2-9EB8-1985BB70B50D}.DistributionDebug|Win32.ActiveCfg = Debug|x86
		{9A7BA3AE-5B2F-4DB2-9EB8-1985BB70B50D}.DistributionDebug|Win32.Build.0 = Debug|x86
		{9A7BA3AE-5B2F-4DB2-9EB8-1985BB70B50D}.DistributionDebug|x64.ActiveCfg = Release|x86
		{9A7BA3AE-5B2F-4DB2-9EB8-1985BB70B50D}.DistributionDebug|x64.Build.0 = Release|x86
		{9A7BA3AE-5B2F-4DB2-9EB8-1985BB70B50D}.DistributionDebug|x86.ActiveCfg = Debug|x86
		{9A7BA3AE-5B2F-4DB2-9EB8-1985BB70B50D}.DistributionDebug|x86.Build.0 = Debug|x86
		{9A7BA3AE-5B2F-4DB2-9EB8-1985BB70B50D}.Release|Any CPU.ActiveCfg = Release|x86
		{9A7BA3AE-5B2F-4DB2-9EB8-1985BB70B50D}.Release|iPhone.ActiveCfg = Release|x86
		{9A7BA3AE-5B2F-4DB2-9EB8-1985BB70B50D}.Release|iPhoneSimulator.ActiveCfg = Release|x86
		{9A7BA3AE-5B2F-4DB2-9EB8-1985BB70B50D}.Release|Mixed Platforms.ActiveCfg = Release|x86
		{9A7BA3AE-5B2F-4DB2-9EB8-1985BB70B50D}.Release|Mixed Platforms.Build.0 = Release|x86
		{9A7BA3AE-5B2F-4DB2-9EB8-1985BB70B50D}.Release|Win32.ActiveCfg = Release|x86
		{9A7BA3AE-5B2F-4DB2-9EB8-1985BB70B50D}.Release|x64.ActiveCfg = Release|x86
		{9A7BA3AE-5B2F-4DB2-9EB8-1985BB70B50D}.Release|x86.ActiveCfg = Release|x86
		{9A7BA3AE-5B2F-4DB2-9EB8-1985BB70B50D}.Release|x86.Build.0 = Release|x86
		{A439CDFA-47B8-4103-91A0-66552227F05C}.Ad-Hoc|Any CPU.ActiveCfg = Release|Win32
		{A439CDFA-47B8-4103-91A0-66552227F05C}.Ad-Hoc|Any CPU.Build.0 = Release|Win32
		{A439CDFA-47B8-4103-91A0-66552227F05C}.Ad-Hoc|iPhone.ActiveCfg = Release|Win32
		{A439CDFA-47B8-4103-91A0-66552227F05C}.Ad-Hoc|iPhone.Build.0 = Release|Win32
		{A439CDFA-47B8-4103-91A0-66552227F05C}.Ad-Hoc|iPhoneSimulator.ActiveCfg = Release|Win32
		{A439CDFA-47B8-4103-91A0-66552227F05C}.Ad-Hoc|iPhoneSimulator.Build.0 = Release|Win32
		{A439CDFA-47B8-4103-91A0-66552227F05C}.Ad-Hoc|Mixed Platforms.ActiveCfg = Release|Win32
		{A439CDFA-47B8-4103-91A0-66552227F05C}.Ad-Hoc|Mixed Platforms.Build.0 = Release|Win32
		{A439CDFA-47B8-4103-91A0-66552227F05C}.Ad-Hoc|Win32.ActiveCfg = Release|Win32
		{A439CDFA-47B8-4103-91A0-66552227F05C}.Ad-Hoc|Win32.Build.0 = Release|Win32
		{A439CDFA-47B8-4103-91A0-66552227F05C}.Ad-Hoc|x64.ActiveCfg = Release|x64
		{A439CDFA-47B8-4103-91A0-66552227F05C}.Ad-Hoc|x64.Build.0 = Release|x64
		{A439CDFA-47B8-4103-91A0-66552227F05C}.Ad-Hoc|x86.ActiveCfg = Release|Win32
		{A439CDFA-47B8-4103-91A0-66552227F05C}.Ad-Hoc|x86.Build.0 = Release|Win32
		{A439CDFA-47B8-4103-91A0-66552227F05C}.AppStore|Any CPU.ActiveCfg = Release|Win32
		{A439CDFA-47B8-4103-91A0-66552227F05C}.AppStore|Any CPU.Build.0 = Release|Win32
		{A439CDFA-47B8-4103-91A0-66552227F05C}.AppStore|iPhone.ActiveCfg = Release|Win32
		{A439CDFA-47B8-4103-91A0-66552227F05C}.AppStore|iPhone.Build.0 = Release|Win32
		{A439CDFA-47B8-4103-91A0-66552227F05C}.AppStore|iPhoneSimulator.ActiveCfg = Release|Win32
		{A439CDFA-47B8-4103-91A0-66552227F05C}.AppStore|iPhoneSimulator.Build.0 = Release|Win32
		{A439CDFA-47B8-4103-91A0-66552227F05C}.AppStore|Mixed Platforms.ActiveCfg = Release|Win32
		{A439CDFA-47B8-4103-91A0-66552227F05C}.AppStore|Mixed Platforms.Build.0 = Release|Win32
		{A439CDFA-47B8-4103-91A0-66552227F05C}.AppStore|Win32.ActiveCfg = Release|Win32
		{A439CDFA-47B8-4103-91A0-66552227F05C}.AppStore|Win32.Build.0 = Release|Win32
		{A439CDFA-47B8-4103-91A0-66552227F05C}.AppStore|x64.ActiveCfg = Release|x64
		{A439CDFA-47B8-4103-91A0-66552227F05C}.AppStore|x64.Build.0 = Release|x64
		{A439CDFA-47B8-4103-91A0-66552227F05C}.AppStore|x86.ActiveCfg = Release|Win32
		{A439CDFA-47B8-4103-91A0-66552227F05C}.AppStore|x86.Build.0 = Release|Win32
		{A439CDFA-47B8-4103-91A0-66552227F05C}.Debug|Any CPU.ActiveCfg = Debug|x64
		{A439CDFA-47B8-4103-91A0-66552227F05C}.Debug|iPhone.ActiveCfg = Debug|Win32
		{A439CDFA-47B8-4103-91A0-66552227F05C}.Debug|iPhoneSimulator.ActiveCfg = Debug|Win32
		{A439CDFA-47B8-4103-91A0-66552227F05C}.Debug|Mixed Platforms.ActiveCfg = Debug|x64
		{A439CDFA-47B8-4103-91A0-66552227F05C}.Debug|Mixed Platforms.Build.0 = Debug|x64
		{A439CDFA-47B8-4103-91A0-66552227F05C}.Debug|Win32.ActiveCfg = Debug|Win32
		{A439CDFA-47B8-4103-91A0-66552227F05C}.Debug|Win32.Build.0 = Debug|Win32
		{A439CDFA-47B8-4103-91A0-66552227F05C}.Debug|x64.ActiveCfg = Debug|x64
		{A439CDFA-47B8-4103-91A0-66552227F05C}.Debug|x64.Build.0 = Debug|x64
		{A439CDFA-47B8-4103-91A0-66552227F05C}.Debug|x86.ActiveCfg = Debug|x64
		{A439CDFA-47B8-4103-91A0-66552227F05C}.Distribution|Any CPU.ActiveCfg = Release|Win32
		{A439CDFA-47B8-4103-91A0-66552227F05C}.Distribution|Any CPU.Build.0 = Release|Win32
		{A439CDFA-47B8-4103-91A0-66552227F05C}.Distribution|iPhone.ActiveCfg = Release|Win32
		{A439CDFA-47B8-4103-91A0-66552227F05C}.Distribution|iPhone.Build.0 = Release|Win32
		{A439CDFA-47B8-4103-91A0-66552227F05C}.Distribution|iPhoneSimulator.ActiveCfg = Release|Win32
		{A439CDFA-47B8-4103-91A0-66552227F05C}.Distribution|iPhoneSimulator.Build.0 = Release|Win32
		{A439CDFA-47B8-4103-91A0-66552227F05C}.Distribution|Mixed Platforms.ActiveCfg = Debug|Win32
		{A439CDFA-47B8-4103-91A0-66552227F05C}.Distribution|Mixed Platforms.Build.0 = Debug|Win32
		{A439CDFA-47B8-4103-91A0-66552227F05C}.Distribution|Win32.ActiveCfg = Debug|Win32
		{A439CDFA-47B8-4103-91A0-66552227F05C}.Distribution|Win32.Build.0 = Debug|Win32
		{A439CDFA-47B8-4103-91A0-66552227F05C}.Distribution|x64.ActiveCfg = Debug|x64
		{A439CDFA-47B8-4103-91A0-66552227F05C}.Distribution|x64.Build.0 = Debug|x64
		{A439CDFA-47B8-4103-91A0-66552227F05C}.Distribution|x86.ActiveCfg = Debug|Win32
		{A439CDFA-47B8-4103-91A0-66552227F05C}.Distribution|x86.Build.0 = Debug|Win32
		{A439CDFA-47B8-4103-91A0-66552227F05C}.DistributionDebug|Any CPU.ActiveCfg = Release|Win32
		{A439CDFA-47B8-4103-91A0-66552227F05C}.DistributionDebug|Any CPU.Build.0 = Release|Win32
		{A439CDFA-47B8-4103-91A0-66552227F05C}.DistributionDebug|iPhone.ActiveCfg = Release|Win32
		{A439CDFA-47B8-4103-91A0-66552227F05C}.DistributionDebug|iPhone.Build.0 = Release|Win32
		{A439CDFA-47B8-4103-91A0-66552227F05C}.DistributionDebug|iPhoneSimulator.ActiveCfg = Release|Win32
		{A439CDFA-47B8-4103-91A0-66552227F05C}.DistributionDebug|iPhoneSimulator.Build.0 = Release|Win32
		{A439CDFA-47B8-4103-91A0-66552227F05C}.DistributionDebug|Mixed Platforms.ActiveCfg = Debug|Win32
		{A439CDFA-47B8-4103-91A0-66552227F05C}.DistributionDebug|Mixed Platforms.Build.0 = Debug|Win32
		{A439CDFA-47B8-4103-91A0-66552227F05C}.DistributionDebug|Win32.ActiveCfg = Debug|Win32
		{A439CDFA-47B8-4103-91A0-66552227F05C}.DistributionDebug|Win32.Build.0 = Debug|Win32
		{A439CDFA-47B8-4103-91A0-66552227F05C}.DistributionDebug|x64.ActiveCfg = Debug|x64
		{A439CDFA-47B8-4103-91A0-66552227F05C}.DistributionDebug|x64.Build.0 = Debug|x64
		{A439CDFA-47B8-4103-91A0-66552227F05C}.DistributionDebug|x86.ActiveCfg = Debug|Win32
		{A439CDFA-47B8-4103-91A0-66552227F05C}.DistributionDebug|x86.Build.0 = Debug|Win32
		{A439CDFA-47B8-4103-91A0-66552227F05C}.Release|Any CPU.ActiveCfg = Release|x64
		{A439CDFA-47B8-4103-91A0-66552227F05C}.Release|iPhone.ActiveCfg = Release|Win32
		{A439CDFA-47B8-4103-91A0-66552227F05C}.Release|iPhoneSimulator.ActiveCfg = Release|Win32
		{A439CDFA-47B8-4103-91A0-66552227F05C}.Release|Mixed Platforms.ActiveCfg = Release|x64
		{A439CDFA-47B8-4103-91A0-66552227F05C}.Release|Mixed Platforms.Build.0 = Release|x64
		{A439CDFA-47B8-4103-91A0-66552227F05C}.Release|Win32.ActiveCfg = Release|Win32
		{A439CDFA-47B8-4103-91A0-66552227F05C}.Release|Win32.Build.0 = Release|Win32
		{A439CDFA-47B8-4103-91A0-66552227F05C}.Release|x64.ActiveCfg = Release|x64
		{A439CDFA-47B8-4103-91A0-66552227F05C}.Release|x64.Build.0 = Release|x64
		{A439CDFA-47B8-4103-91A0-66552227F05C}.Release|x86.ActiveCfg = Release|x64
		{89CF9A2F-FAE7-46E5-B2CC-FC478D9662FA}.Ad-Hoc|Any CPU.ActiveCfg = Release|Any CPU
		{89CF9A2F-FAE7-46E5-B2CC-FC478D9662FA}.Ad-Hoc|Any CPU.Build.0 = Release|Any CPU
		{89CF9A2F-FAE7-46E5-B2CC-FC478D9662FA}.Ad-Hoc|iPhone.ActiveCfg = Release|Any CPU
		{89CF9A2F-FAE7-46E5-B2CC-FC478D9662FA}.Ad-Hoc|iPhone.Build.0 = Release|Any CPU
		{89CF9A2F-FAE7-46E5-B2CC-FC478D9662FA}.Ad-Hoc|iPhoneSimulator.ActiveCfg = Release|Any CPU
		{89CF9A2F-FAE7-46E5-B2CC-FC478D9662FA}.Ad-Hoc|iPhoneSimulator.Build.0 = Release|Any CPU
		{89CF9A2F-FAE7-46E5-B2CC-FC478D9662FA}.Ad-Hoc|Mixed Platforms.ActiveCfg = Release|Any CPU
		{89CF9A2F-FAE7-46E5-B2CC-FC478D9662FA}.Ad-Hoc|Mixed Platforms.Build.0 = Release|Any CPU
		{89CF9A2F-FAE7-46E5-B2CC-FC478D9662FA}.Ad-Hoc|Win32.ActiveCfg = Release|Any CPU
		{89CF9A2F-FAE7-46E5-B2CC-FC478D9662FA}.Ad-Hoc|Win32.Build.0 = Release|Any CPU
		{89CF9A2F-FAE7-46E5-B2CC-FC478D9662FA}.Ad-Hoc|x64.ActiveCfg = Release|Any CPU
		{89CF9A2F-FAE7-46E5-B2CC-FC478D9662FA}.Ad-Hoc|x64.Build.0 = Release|Any CPU
		{89CF9A2F-FAE7-46E5-B2CC-FC478D9662FA}.Ad-Hoc|x86.ActiveCfg = Release|Any CPU
		{89CF9A2F-FAE7-46E5-B2CC-FC478D9662FA}.Ad-Hoc|x86.Build.0 = Release|Any CPU
		{89CF9A2F-FAE7-46E5-B2CC-FC478D9662FA}.AppStore|Any CPU.ActiveCfg = Release|Any CPU
		{89CF9A2F-FAE7-46E5-B2CC-FC478D9662FA}.AppStore|Any CPU.Build.0 = Release|Any CPU
		{89CF9A2F-FAE7-46E5-B2CC-FC478D9662FA}.AppStore|iPhone.ActiveCfg = Release|Any CPU
		{89CF9A2F-FAE7-46E5-B2CC-FC478D9662FA}.AppStore|iPhone.Build.0 = Release|Any CPU
		{89CF9A2F-FAE7-46E5-B2CC-FC478D9662FA}.AppStore|iPhoneSimulator.ActiveCfg = Release|Any CPU
		{89CF9A2F-FAE7-46E5-B2CC-FC478D9662FA}.AppStore|iPhoneSimulator.Build.0 = Release|Any CPU
		{89CF9A2F-FAE7-46E5-B2CC-FC478D9662FA}.AppStore|Mixed Platforms.ActiveCfg = Release|Any CPU
		{89CF9A2F-FAE7-46E5-B2CC-FC478D9662FA}.AppStore|Mixed Platforms.Build.0 = Release|Any CPU
		{89CF9A2F-FAE7-46E5-B2CC-FC478D9662FA}.AppStore|Win32.ActiveCfg = Release|Any CPU
		{89CF9A2F-FAE7-46E5-B2CC-FC478D9662FA}.AppStore|Win32.Build.0 = Release|Any CPU
		{89CF9A2F-FAE7-46E5-B2CC-FC478D9662FA}.AppStore|x64.ActiveCfg = Release|Any CPU
		{89CF9A2F-FAE7-46E5-B2CC-FC478D9662FA}.AppStore|x64.Build.0 = Release|Any CPU
		{89CF9A2F-FAE7-46E5-B2CC-FC478D9662FA}.AppStore|x86.ActiveCfg = Release|Any CPU
		{89CF9A2F-FAE7-46E5-B2CC-FC478D9662FA}.AppStore|x86.Build.0 = Release|Any CPU
		{89CF9A2F-FAE7-46E5-B2CC-FC478D9662FA}.Debug|Any CPU.ActiveCfg = Debug|Any CPU
		{89CF9A2F-FAE7-46E5-B2CC-FC478D9662FA}.Debug|Any CPU.Build.0 = Debug|Any CPU
		{89CF9A2F-FAE7-46E5-B2CC-FC478D9662FA}.Debug|iPhone.ActiveCfg = Debug|Any CPU
		{89CF9A2F-FAE7-46E5-B2CC-FC478D9662FA}.Debug|iPhone.Build.0 = Debug|Any CPU
		{89CF9A2F-FAE7-46E5-B2CC-FC478D9662FA}.Debug|iPhoneSimulator.ActiveCfg = Debug|Any CPU
		{89CF9A2F-FAE7-46E5-B2CC-FC478D9662FA}.Debug|iPhoneSimulator.Build.0 = Debug|Any CPU
		{89CF9A2F-FAE7-46E5-B2CC-FC478D9662FA}.Debug|Mixed Platforms.ActiveCfg = Debug|Any CPU
		{89CF9A2F-FAE7-46E5-B2CC-FC478D9662FA}.Debug|Mixed Platforms.Build.0 = Debug|Any CPU
		{89CF9A2F-FAE7-46E5-B2CC-FC478D9662FA}.Debug|Win32.ActiveCfg = Debug|Any CPU
		{89CF9A2F-FAE7-46E5-B2CC-FC478D9662FA}.Debug|x64.ActiveCfg = Debug|Any CPU
		{89CF9A2F-FAE7-46E5-B2CC-FC478D9662FA}.Debug|x86.ActiveCfg = Debug|Any CPU
		{89CF9A2F-FAE7-46E5-B2CC-FC478D9662FA}.Distribution|Any CPU.ActiveCfg = Debug|Any CPU
		{89CF9A2F-FAE7-46E5-B2CC-FC478D9662FA}.Distribution|Any CPU.Build.0 = Debug|Any CPU
		{89CF9A2F-FAE7-46E5-B2CC-FC478D9662FA}.Distribution|iPhone.ActiveCfg = Debug|Any CPU
		{89CF9A2F-FAE7-46E5-B2CC-FC478D9662FA}.Distribution|iPhone.Build.0 = Debug|Any CPU
		{89CF9A2F-FAE7-46E5-B2CC-FC478D9662FA}.Distribution|iPhoneSimulator.ActiveCfg = Debug|Any CPU
		{89CF9A2F-FAE7-46E5-B2CC-FC478D9662FA}.Distribution|iPhoneSimulator.Build.0 = Debug|Any CPU
		{89CF9A2F-FAE7-46E5-B2CC-FC478D9662FA}.Distribution|Mixed Platforms.ActiveCfg = Debug|Any CPU
		{89CF9A2F-FAE7-46E5-B2CC-FC478D9662FA}.Distribution|Mixed Platforms.Build.0 = Debug|Any CPU
		{89CF9A2F-FAE7-46E5-B2CC-FC478D9662FA}.Distribution|Win32.ActiveCfg = Debug|Any CPU
		{89CF9A2F-FAE7-46E5-B2CC-FC478D9662FA}.Distribution|Win32.Build.0 = Debug|Any CPU
		{89CF9A2F-FAE7-46E5-B2CC-FC478D9662FA}.Distribution|x64.ActiveCfg = Debug|Any CPU
		{89CF9A2F-FAE7-46E5-B2CC-FC478D9662FA}.Distribution|x64.Build.0 = Debug|Any CPU
		{89CF9A2F-FAE7-46E5-B2CC-FC478D9662FA}.Distribution|x86.ActiveCfg = Debug|Any CPU
		{89CF9A2F-FAE7-46E5-B2CC-FC478D9662FA}.Distribution|x86.Build.0 = Debug|Any CPU
		{89CF9A2F-FAE7-46E5-B2CC-FC478D9662FA}.DistributionDebug|Any CPU.ActiveCfg = Debug|Any CPU
		{89CF9A2F-FAE7-46E5-B2CC-FC478D9662FA}.DistributionDebug|Any CPU.Build.0 = Debug|Any CPU
		{89CF9A2F-FAE7-46E5-B2CC-FC478D9662FA}.DistributionDebug|iPhone.ActiveCfg = Debug|Any CPU
		{89CF9A2F-FAE7-46E5-B2CC-FC478D9662FA}.DistributionDebug|iPhone.Build.0 = Debug|Any CPU
		{89CF9A2F-FAE7-46E5-B2CC-FC478D9662FA}.DistributionDebug|iPhoneSimulator.ActiveCfg = Debug|Any CPU
		{89CF9A2F-FAE7-46E5-B2CC-FC478D9662FA}.DistributionDebug|iPhoneSimulator.Build.0 = Debug|Any CPU
		{89CF9A2F-FAE7-46E5-B2CC-FC478D9662FA}.DistributionDebug|Mixed Platforms.ActiveCfg = Debug|Any CPU
		{89CF9A2F-FAE7-46E5-B2CC-FC478D9662FA}.DistributionDebug|Mixed Platforms.Build.0 = Debug|Any CPU
		{89CF9A2F-FAE7-46E5-B2CC-FC478D9662FA}.DistributionDebug|Win32.ActiveCfg = Debug|Any CPU
		{89CF9A2F-FAE7-46E5-B2CC-FC478D9662FA}.DistributionDebug|Win32.Build.0 = Debug|Any CPU
		{89CF9A2F-FAE7-46E5-B2CC-FC478D9662FA}.DistributionDebug|x64.ActiveCfg = Debug|Any CPU
		{89CF9A2F-FAE7-46E5-B2CC-FC478D9662FA}.DistributionDebug|x64.Build.0 = Debug|Any CPU
		{89CF9A2F-FAE7-46E5-B2CC-FC478D9662FA}.DistributionDebug|x86.ActiveCfg = Debug|Any CPU
		{89CF9A2F-FAE7-46E5-B2CC-FC478D9662FA}.DistributionDebug|x86.Build.0 = Debug|Any CPU
		{89CF9A2F-FAE7-46E5-B2CC-FC478D9662FA}.Release|Any CPU.ActiveCfg = Release|Any CPU
		{89CF9A2F-FAE7-46E5-B2CC-FC478D9662FA}.Release|Any CPU.Build.0 = Release|Any CPU
		{89CF9A2F-FAE7-46E5-B2CC-FC478D9662FA}.Release|iPhone.ActiveCfg = Release|Any CPU
		{89CF9A2F-FAE7-46E5-B2CC-FC478D9662FA}.Release|iPhone.Build.0 = Release|Any CPU
		{89CF9A2F-FAE7-46E5-B2CC-FC478D9662FA}.Release|iPhoneSimulator.ActiveCfg = Release|Any CPU
		{89CF9A2F-FAE7-46E5-B2CC-FC478D9662FA}.Release|iPhoneSimulator.Build.0 = Release|Any CPU
		{89CF9A2F-FAE7-46E5-B2CC-FC478D9662FA}.Release|Mixed Platforms.ActiveCfg = Release|Any CPU
		{89CF9A2F-FAE7-46E5-B2CC-FC478D9662FA}.Release|Mixed Platforms.Build.0 = Release|Any CPU
		{89CF9A2F-FAE7-46E5-B2CC-FC478D9662FA}.Release|Win32.ActiveCfg = Release|Any CPU
		{89CF9A2F-FAE7-46E5-B2CC-FC478D9662FA}.Release|x64.ActiveCfg = Release|Any CPU
		{89CF9A2F-FAE7-46E5-B2CC-FC478D9662FA}.Release|x86.ActiveCfg = Release|Any CPU
		{F8C41176-18CD-497C-BB89-7ECAE9DD451B}.Ad-Hoc|Any CPU.ActiveCfg = Release|x86
		{F8C41176-18CD-497C-BB89-7ECAE9DD451B}.Ad-Hoc|Any CPU.Build.0 = Release|x86
		{F8C41176-18CD-497C-BB89-7ECAE9DD451B}.Ad-Hoc|iPhone.ActiveCfg = Release|x86
		{F8C41176-18CD-497C-BB89-7ECAE9DD451B}.Ad-Hoc|iPhone.Build.0 = Release|x86
		{F8C41176-18CD-497C-BB89-7ECAE9DD451B}.Ad-Hoc|iPhoneSimulator.ActiveCfg = Release|x86
		{F8C41176-18CD-497C-BB89-7ECAE9DD451B}.Ad-Hoc|iPhoneSimulator.Build.0 = Release|x86
		{F8C41176-18CD-497C-BB89-7ECAE9DD451B}.Ad-Hoc|Mixed Platforms.ActiveCfg = Release|x86
		{F8C41176-18CD-497C-BB89-7ECAE9DD451B}.Ad-Hoc|Mixed Platforms.Build.0 = Release|x86
		{F8C41176-18CD-497C-BB89-7ECAE9DD451B}.Ad-Hoc|Win32.ActiveCfg = Release|x86
		{F8C41176-18CD-497C-BB89-7ECAE9DD451B}.Ad-Hoc|Win32.Build.0 = Release|x86
		{F8C41176-18CD-497C-BB89-7ECAE9DD451B}.Ad-Hoc|x64.ActiveCfg = Release|x86
		{F8C41176-18CD-497C-BB89-7ECAE9DD451B}.Ad-Hoc|x64.Build.0 = Release|x86
		{F8C41176-18CD-497C-BB89-7ECAE9DD451B}.Ad-Hoc|x86.ActiveCfg = Release|x86
		{F8C41176-18CD-497C-BB89-7ECAE9DD451B}.Ad-Hoc|x86.Build.0 = Release|x86
		{F8C41176-18CD-497C-BB89-7ECAE9DD451B}.AppStore|Any CPU.ActiveCfg = Release|x86
		{F8C41176-18CD-497C-BB89-7ECAE9DD451B}.AppStore|Any CPU.Build.0 = Release|x86
		{F8C41176-18CD-497C-BB89-7ECAE9DD451B}.AppStore|iPhone.ActiveCfg = Release|x86
		{F8C41176-18CD-497C-BB89-7ECAE9DD451B}.AppStore|iPhone.Build.0 = Release|x86
		{F8C41176-18CD-497C-BB89-7ECAE9DD451B}.AppStore|iPhoneSimulator.ActiveCfg = Release|x86
		{F8C41176-18CD-497C-BB89-7ECAE9DD451B}.AppStore|iPhoneSimulator.Build.0 = Release|x86
		{F8C41176-18CD-497C-BB89-7ECAE9DD451B}.AppStore|Mixed Platforms.ActiveCfg = Release|x86
		{F8C41176-18CD-497C-BB89-7ECAE9DD451B}.AppStore|Mixed Platforms.Build.0 = Release|x86
		{F8C41176-18CD-497C-BB89-7ECAE9DD451B}.AppStore|Win32.ActiveCfg = Release|x86
		{F8C41176-18CD-497C-BB89-7ECAE9DD451B}.AppStore|Win32.Build.0 = Release|x86
		{F8C41176-18CD-497C-BB89-7ECAE9DD451B}.AppStore|x64.ActiveCfg = Release|x86
		{F8C41176-18CD-497C-BB89-7ECAE9DD451B}.AppStore|x64.Build.0 = Release|x86
		{F8C41176-18CD-497C-BB89-7ECAE9DD451B}.AppStore|x86.ActiveCfg = Release|x86
		{F8C41176-18CD-497C-BB89-7ECAE9DD451B}.AppStore|x86.Build.0 = Release|x86
		{F8C41176-18CD-497C-BB89-7ECAE9DD451B}.Debug|Any CPU.ActiveCfg = Debug|x86
		{F8C41176-18CD-497C-BB89-7ECAE9DD451B}.Debug|iPhone.ActiveCfg = Debug|x86
		{F8C41176-18CD-497C-BB89-7ECAE9DD451B}.Debug|iPhoneSimulator.ActiveCfg = Debug|x86
		{F8C41176-18CD-497C-BB89-7ECAE9DD451B}.Debug|Mixed Platforms.ActiveCfg = Debug|x86
		{F8C41176-18CD-497C-BB89-7ECAE9DD451B}.Debug|Mixed Platforms.Build.0 = Debug|x86
		{F8C41176-18CD-497C-BB89-7ECAE9DD451B}.Debug|Win32.ActiveCfg = Debug|x86
		{F8C41176-18CD-497C-BB89-7ECAE9DD451B}.Debug|x64.ActiveCfg = Debug|x86
		{F8C41176-18CD-497C-BB89-7ECAE9DD451B}.Debug|x86.ActiveCfg = Debug|x86
		{F8C41176-18CD-497C-BB89-7ECAE9DD451B}.Debug|x86.Build.0 = Debug|x86
		{F8C41176-18CD-497C-BB89-7ECAE9DD451B}.Distribution|Any CPU.ActiveCfg = Release|x86
		{F8C41176-18CD-497C-BB89-7ECAE9DD451B}.Distribution|Any CPU.Build.0 = Release|x86
		{F8C41176-18CD-497C-BB89-7ECAE9DD451B}.Distribution|iPhone.ActiveCfg = Release|x86
		{F8C41176-18CD-497C-BB89-7ECAE9DD451B}.Distribution|iPhone.Build.0 = Release|x86
		{F8C41176-18CD-497C-BB89-7ECAE9DD451B}.Distribution|iPhoneSimulator.ActiveCfg = Release|x86
		{F8C41176-18CD-497C-BB89-7ECAE9DD451B}.Distribution|iPhoneSimulator.Build.0 = Release|x86
		{F8C41176-18CD-497C-BB89-7ECAE9DD451B}.Distribution|Mixed Platforms.ActiveCfg = Debug|x86
		{F8C41176-18CD-497C-BB89-7ECAE9DD451B}.Distribution|Mixed Platforms.Build.0 = Debug|x86
		{F8C41176-18CD-497C-BB89-7ECAE9DD451B}.Distribution|Win32.ActiveCfg = Debug|x86
		{F8C41176-18CD-497C-BB89-7ECAE9DD451B}.Distribution|Win32.Build.0 = Debug|x86
		{F8C41176-18CD-497C-BB89-7ECAE9DD451B}.Distribution|x64.ActiveCfg = Release|x86
		{F8C41176-18CD-497C-BB89-7ECAE9DD451B}.Distribution|x64.Build.0 = Release|x86
		{F8C41176-18CD-497C-BB89-7ECAE9DD451B}.Distribution|x86.ActiveCfg = Debug|x86
		{F8C41176-18CD-497C-BB89-7ECAE9DD451B}.Distribution|x86.Build.0 = Debug|x86
		{F8C41176-18CD-497C-BB89-7ECAE9DD451B}.DistributionDebug|Any CPU.ActiveCfg = Release|x86
		{F8C41176-18CD-497C-BB89-7ECAE9DD451B}.DistributionDebug|Any CPU.Build.0 = Release|x86
		{F8C41176-18CD-497C-BB89-7ECAE9DD451B}.DistributionDebug|iPhone.ActiveCfg = Release|x86
		{F8C41176-18CD-497C-BB89-7ECAE9DD451B}.DistributionDebug|iPhone.Build.0 = Release|x86
		{F8C41176-18CD-497C-BB89-7ECAE9DD451B}.DistributionDebug|iPhoneSimulator.ActiveCfg = Release|x86
		{F8C41176-18CD-497C-BB89-7ECAE9DD451B}.DistributionDebug|iPhoneSimulator.Build.0 = Release|x86
		{F8C41176-18CD-497C-BB89-7ECAE9DD451B}.DistributionDebug|Mixed Platforms.ActiveCfg = Debug|x86
		{F8C41176-18CD-497C-BB89-7ECAE9DD451B}.DistributionDebug|Mixed Platforms.Build.0 = Debug|x86
		{F8C41176-18CD-497C-BB89-7ECAE9DD451B}.DistributionDebug|Win32.ActiveCfg = Debug|x86
		{F8C41176-18CD-497C-BB89-7ECAE9DD451B}.DistributionDebug|Win32.Build.0 = Debug|x86
		{F8C41176-18CD-497C-BB89-7ECAE9DD451B}.DistributionDebug|x64.ActiveCfg = Release|x86
		{F8C41176-18CD-497C-BB89-7ECAE9DD451B}.DistributionDebug|x64.Build.0 = Release|x86
		{F8C41176-18CD-497C-BB89-7ECAE9DD451B}.DistributionDebug|x86.ActiveCfg = Debug|x86
		{F8C41176-18CD-497C-BB89-7ECAE9DD451B}.DistributionDebug|x86.Build.0 = Debug|x86
		{F8C41176-18CD-497C-BB89-7ECAE9DD451B}.Release|Any CPU.ActiveCfg = Release|x86
		{F8C41176-18CD-497C-BB89-7ECAE9DD451B}.Release|iPhone.ActiveCfg = Release|x86
		{F8C41176-18CD-497C-BB89-7ECAE9DD451B}.Release|iPhoneSimulator.ActiveCfg = Release|x86
		{F8C41176-18CD-497C-BB89-7ECAE9DD451B}.Release|Mixed Platforms.ActiveCfg = Release|x86
		{F8C41176-18CD-497C-BB89-7ECAE9DD451B}.Release|Mixed Platforms.Build.0 = Release|x86
		{F8C41176-18CD-497C-BB89-7ECAE9DD451B}.Release|Win32.ActiveCfg = Release|x86
		{F8C41176-18CD-497C-BB89-7ECAE9DD451B}.Release|x64.ActiveCfg = Release|x86
		{F8C41176-18CD-497C-BB89-7ECAE9DD451B}.Release|x86.ActiveCfg = Release|x86
		{F8C41176-18CD-497C-BB89-7ECAE9DD451B}.Release|x86.Build.0 = Release|x86
		{D3B0AD67-44D8-4B3D-BED9-CE1FD6DE2C5A}.Ad-Hoc|Any CPU.ActiveCfg = Release|Any CPU
		{D3B0AD67-44D8-4B3D-BED9-CE1FD6DE2C5A}.Ad-Hoc|Any CPU.Build.0 = Release|Any CPU
		{D3B0AD67-44D8-4B3D-BED9-CE1FD6DE2C5A}.Ad-Hoc|iPhone.ActiveCfg = Release|Any CPU
		{D3B0AD67-44D8-4B3D-BED9-CE1FD6DE2C5A}.Ad-Hoc|iPhone.Build.0 = Release|Any CPU
		{D3B0AD67-44D8-4B3D-BED9-CE1FD6DE2C5A}.Ad-Hoc|iPhoneSimulator.ActiveCfg = Release|Any CPU
		{D3B0AD67-44D8-4B3D-BED9-CE1FD6DE2C5A}.Ad-Hoc|iPhoneSimulator.Build.0 = Release|Any CPU
		{D3B0AD67-44D8-4B3D-BED9-CE1FD6DE2C5A}.Ad-Hoc|Mixed Platforms.ActiveCfg = Release|Any CPU
		{D3B0AD67-44D8-4B3D-BED9-CE1FD6DE2C5A}.Ad-Hoc|Mixed Platforms.Build.0 = Release|Any CPU
		{D3B0AD67-44D8-4B3D-BED9-CE1FD6DE2C5A}.Ad-Hoc|Win32.ActiveCfg = Release|Any CPU
		{D3B0AD67-44D8-4B3D-BED9-CE1FD6DE2C5A}.Ad-Hoc|Win32.Build.0 = Release|Any CPU
		{D3B0AD67-44D8-4B3D-BED9-CE1FD6DE2C5A}.Ad-Hoc|x64.ActiveCfg = Release|Any CPU
		{D3B0AD67-44D8-4B3D-BED9-CE1FD6DE2C5A}.Ad-Hoc|x64.Build.0 = Release|Any CPU
		{D3B0AD67-44D8-4B3D-BED9-CE1FD6DE2C5A}.Ad-Hoc|x86.ActiveCfg = Release|Any CPU
		{D3B0AD67-44D8-4B3D-BED9-CE1FD6DE2C5A}.Ad-Hoc|x86.Build.0 = Release|Any CPU
		{D3B0AD67-44D8-4B3D-BED9-CE1FD6DE2C5A}.AppStore|Any CPU.ActiveCfg = Release|Any CPU
		{D3B0AD67-44D8-4B3D-BED9-CE1FD6DE2C5A}.AppStore|Any CPU.Build.0 = Release|Any CPU
		{D3B0AD67-44D8-4B3D-BED9-CE1FD6DE2C5A}.AppStore|iPhone.ActiveCfg = Release|Any CPU
		{D3B0AD67-44D8-4B3D-BED9-CE1FD6DE2C5A}.AppStore|iPhone.Build.0 = Release|Any CPU
		{D3B0AD67-44D8-4B3D-BED9-CE1FD6DE2C5A}.AppStore|iPhoneSimulator.ActiveCfg = Release|Any CPU
		{D3B0AD67-44D8-4B3D-BED9-CE1FD6DE2C5A}.AppStore|iPhoneSimulator.Build.0 = Release|Any CPU
		{D3B0AD67-44D8-4B3D-BED9-CE1FD6DE2C5A}.AppStore|Mixed Platforms.ActiveCfg = Release|Any CPU
		{D3B0AD67-44D8-4B3D-BED9-CE1FD6DE2C5A}.AppStore|Mixed Platforms.Build.0 = Release|Any CPU
		{D3B0AD67-44D8-4B3D-BED9-CE1FD6DE2C5A}.AppStore|Win32.ActiveCfg = Release|Any CPU
		{D3B0AD67-44D8-4B3D-BED9-CE1FD6DE2C5A}.AppStore|Win32.Build.0 = Release|Any CPU
		{D3B0AD67-44D8-4B3D-BED9-CE1FD6DE2C5A}.AppStore|x64.ActiveCfg = Release|Any CPU
		{D3B0AD67-44D8-4B3D-BED9-CE1FD6DE2C5A}.AppStore|x64.Build.0 = Release|Any CPU
		{D3B0AD67-44D8-4B3D-BED9-CE1FD6DE2C5A}.AppStore|x86.ActiveCfg = Release|Any CPU
		{D3B0AD67-44D8-4B3D-BED9-CE1FD6DE2C5A}.AppStore|x86.Build.0 = Release|Any CPU
		{D3B0AD67-44D8-4B3D-BED9-CE1FD6DE2C5A}.Debug|Any CPU.ActiveCfg = Debug|Any CPU
		{D3B0AD67-44D8-4B3D-BED9-CE1FD6DE2C5A}.Debug|Any CPU.Build.0 = Debug|Any CPU
		{D3B0AD67-44D8-4B3D-BED9-CE1FD6DE2C5A}.Debug|iPhone.ActiveCfg = Debug|Any CPU
		{D3B0AD67-44D8-4B3D-BED9-CE1FD6DE2C5A}.Debug|iPhone.Build.0 = Debug|Any CPU
		{D3B0AD67-44D8-4B3D-BED9-CE1FD6DE2C5A}.Debug|iPhoneSimulator.ActiveCfg = Debug|Any CPU
		{D3B0AD67-44D8-4B3D-BED9-CE1FD6DE2C5A}.Debug|iPhoneSimulator.Build.0 = Debug|Any CPU
		{D3B0AD67-44D8-4B3D-BED9-CE1FD6DE2C5A}.Debug|Mixed Platforms.ActiveCfg = Debug|Any CPU
		{D3B0AD67-44D8-4B3D-BED9-CE1FD6DE2C5A}.Debug|Mixed Platforms.Build.0 = Debug|Any CPU
		{D3B0AD67-44D8-4B3D-BED9-CE1FD6DE2C5A}.Debug|Win32.ActiveCfg = Debug|Any CPU
		{D3B0AD67-44D8-4B3D-BED9-CE1FD6DE2C5A}.Debug|x64.ActiveCfg = Debug|Any CPU
		{D3B0AD67-44D8-4B3D-BED9-CE1FD6DE2C5A}.Debug|x86.ActiveCfg = Debug|Any CPU
		{D3B0AD67-44D8-4B3D-BED9-CE1FD6DE2C5A}.Distribution|Any CPU.ActiveCfg = Debug|Any CPU
		{D3B0AD67-44D8-4B3D-BED9-CE1FD6DE2C5A}.Distribution|Any CPU.Build.0 = Debug|Any CPU
		{D3B0AD67-44D8-4B3D-BED9-CE1FD6DE2C5A}.Distribution|iPhone.ActiveCfg = Debug|Any CPU
		{D3B0AD67-44D8-4B3D-BED9-CE1FD6DE2C5A}.Distribution|iPhone.Build.0 = Debug|Any CPU
		{D3B0AD67-44D8-4B3D-BED9-CE1FD6DE2C5A}.Distribution|iPhoneSimulator.ActiveCfg = Debug|Any CPU
		{D3B0AD67-44D8-4B3D-BED9-CE1FD6DE2C5A}.Distribution|iPhoneSimulator.Build.0 = Debug|Any CPU
		{D3B0AD67-44D8-4B3D-BED9-CE1FD6DE2C5A}.Distribution|Mixed Platforms.ActiveCfg = Debug|Any CPU
		{D3B0AD67-44D8-4B3D-BED9-CE1FD6DE2C5A}.Distribution|Mixed Platforms.Build.0 = Debug|Any CPU
		{D3B0AD67-44D8-4B3D-BED9-CE1FD6DE2C5A}.Distribution|Win32.ActiveCfg = Debug|Any CPU
		{D3B0AD67-44D8-4B3D-BED9-CE1FD6DE2C5A}.Distribution|Win32.Build.0 = Debug|Any CPU
		{D3B0AD67-44D8-4B3D-BED9-CE1FD6DE2C5A}.Distribution|x64.ActiveCfg = Debug|Any CPU
		{D3B0AD67-44D8-4B3D-BED9-CE1FD6DE2C5A}.Distribution|x64.Build.0 = Debug|Any CPU
		{D3B0AD67-44D8-4B3D-BED9-CE1FD6DE2C5A}.Distribution|x86.ActiveCfg = Debug|Any CPU
		{D3B0AD67-44D8-4B3D-BED9-CE1FD6DE2C5A}.Distribution|x86.Build.0 = Debug|Any CPU
		{D3B0AD67-44D8-4B3D-BED9-CE1FD6DE2C5A}.DistributionDebug|Any CPU.ActiveCfg = Debug|Any CPU
		{D3B0AD67-44D8-4B3D-BED9-CE1FD6DE2C5A}.DistributionDebug|Any CPU.Build.0 = Debug|Any CPU
		{D3B0AD67-44D8-4B3D-BED9-CE1FD6DE2C5A}.DistributionDebug|iPhone.ActiveCfg = Debug|Any CPU
		{D3B0AD67-44D8-4B3D-BED9-CE1FD6DE2C5A}.DistributionDebug|iPhone.Build.0 = Debug|Any CPU
		{D3B0AD67-44D8-4B3D-BED9-CE1FD6DE2C5A}.DistributionDebug|iPhoneSimulator.ActiveCfg = Debug|Any CPU
		{D3B0AD67-44D8-4B3D-BED9-CE1FD6DE2C5A}.DistributionDebug|iPhoneSimulator.Build.0 = Debug|Any CPU
		{D3B0AD67-44D8-4B3D-BED9-CE1FD6DE2C5A}.DistributionDebug|Mixed Platforms.ActiveCfg = Debug|Any CPU
		{D3B0AD67-44D8-4B3D-BED9-CE1FD6DE2C5A}.DistributionDebug|Mixed Platforms.Build.0 = Debug|Any CPU
		{D3B0AD67-44D8-4B3D-BED9-CE1FD6DE2C5A}.DistributionDebug|Win32.ActiveCfg = Debug|Any CPU
		{D3B0AD67-44D8-4B3D-BED9-CE1FD6DE2C5A}.DistributionDebug|Win32.Build.0 = Debug|Any CPU
		{D3B0AD67-44D8-4B3D-BED9-CE1FD6DE2C5A}.DistributionDebug|x64.ActiveCfg = Debug|Any CPU
		{D3B0AD67-44D8-4B3D-BED9-CE1FD6DE2C5A}.DistributionDebug|x64.Build.0 = Debug|Any CPU
		{D3B0AD67-44D8-4B3D-BED9-CE1FD6DE2C5A}.DistributionDebug|x86.ActiveCfg = Debug|Any CPU
		{D3B0AD67-44D8-4B3D-BED9-CE1FD6DE2C5A}.DistributionDebug|x86.Build.0 = Debug|Any CPU
		{D3B0AD67-44D8-4B3D-BED9-CE1FD6DE2C5A}.Release|Any CPU.ActiveCfg = Release|Any CPU
		{D3B0AD67-44D8-4B3D-BED9-CE1FD6DE2C5A}.Release|Any CPU.Build.0 = Release|Any CPU
		{D3B0AD67-44D8-4B3D-BED9-CE1FD6DE2C5A}.Release|iPhone.ActiveCfg = Release|Any CPU
		{D3B0AD67-44D8-4B3D-BED9-CE1FD6DE2C5A}.Release|iPhone.Build.0 = Release|Any CPU
		{D3B0AD67-44D8-4B3D-BED9-CE1FD6DE2C5A}.Release|iPhoneSimulator.ActiveCfg = Release|Any CPU
		{D3B0AD67-44D8-4B3D-BED9-CE1FD6DE2C5A}.Release|iPhoneSimulator.Build.0 = Release|Any CPU
		{D3B0AD67-44D8-4B3D-BED9-CE1FD6DE2C5A}.Release|Mixed Platforms.ActiveCfg = Release|Any CPU
		{D3B0AD67-44D8-4B3D-BED9-CE1FD6DE2C5A}.Release|Mixed Platforms.Build.0 = Release|Any CPU
		{D3B0AD67-44D8-4B3D-BED9-CE1FD6DE2C5A}.Release|Win32.ActiveCfg = Release|Any CPU
		{D3B0AD67-44D8-4B3D-BED9-CE1FD6DE2C5A}.Release|x64.ActiveCfg = Release|Any CPU
		{D3B0AD67-44D8-4B3D-BED9-CE1FD6DE2C5A}.Release|x86.ActiveCfg = Release|Any CPU
		{2C035836-40C4-4941-8346-EB9606E84CF2}.Ad-Hoc|Any CPU.ActiveCfg = Release|Any CPU
		{2C035836-40C4-4941-8346-EB9606E84CF2}.Ad-Hoc|Any CPU.Build.0 = Release|Any CPU
		{2C035836-40C4-4941-8346-EB9606E84CF2}.Ad-Hoc|iPhone.ActiveCfg = Release|Any CPU
		{2C035836-40C4-4941-8346-EB9606E84CF2}.Ad-Hoc|iPhone.Build.0 = Release|Any CPU
		{2C035836-40C4-4941-8346-EB9606E84CF2}.Ad-Hoc|iPhoneSimulator.ActiveCfg = Release|Any CPU
		{2C035836-40C4-4941-8346-EB9606E84CF2}.Ad-Hoc|iPhoneSimulator.Build.0 = Release|Any CPU
		{2C035836-40C4-4941-8346-EB9606E84CF2}.Ad-Hoc|Mixed Platforms.ActiveCfg = Release|Any CPU
		{2C035836-40C4-4941-8346-EB9606E84CF2}.Ad-Hoc|Mixed Platforms.Build.0 = Release|Any CPU
		{2C035836-40C4-4941-8346-EB9606E84CF2}.Ad-Hoc|Win32.ActiveCfg = Release|Any CPU
		{2C035836-40C4-4941-8346-EB9606E84CF2}.Ad-Hoc|Win32.Build.0 = Release|Any CPU
		{2C035836-40C4-4941-8346-EB9606E84CF2}.Ad-Hoc|x64.ActiveCfg = Release|Any CPU
		{2C035836-40C4-4941-8346-EB9606E84CF2}.Ad-Hoc|x64.Build.0 = Release|Any CPU
		{2C035836-40C4-4941-8346-EB9606E84CF2}.Ad-Hoc|x86.ActiveCfg = Release|Any CPU
		{2C035836-40C4-4941-8346-EB9606E84CF2}.Ad-Hoc|x86.Build.0 = Release|Any CPU
		{2C035836-40C4-4941-8346-EB9606E84CF2}.AppStore|Any CPU.ActiveCfg = Release|Any CPU
		{2C035836-40C4-4941-8346-EB9606E84CF2}.AppStore|Any CPU.Build.0 = Release|Any CPU
		{2C035836-40C4-4941-8346-EB9606E84CF2}.AppStore|iPhone.ActiveCfg = Release|Any CPU
		{2C035836-40C4-4941-8346-EB9606E84CF2}.AppStore|iPhone.Build.0 = Release|Any CPU
		{2C035836-40C4-4941-8346-EB9606E84CF2}.AppStore|iPhoneSimulator.ActiveCfg = Release|Any CPU
		{2C035836-40C4-4941-8346-EB9606E84CF2}.AppStore|iPhoneSimulator.Build.0 = Release|Any CPU
		{2C035836-40C4-4941-8346-EB9606E84CF2}.AppStore|Mixed Platforms.ActiveCfg = Release|Any CPU
		{2C035836-40C4-4941-8346-EB9606E84CF2}.AppStore|Mixed Platforms.Build.0 = Release|Any CPU
		{2C035836-40C4-4941-8346-EB9606E84CF2}.AppStore|Win32.ActiveCfg = Release|Any CPU
		{2C035836-40C4-4941-8346-EB9606E84CF2}.AppStore|Win32.Build.0 = Release|Any CPU
		{2C035836-40C4-4941-8346-EB9606E84CF2}.AppStore|x64.ActiveCfg = Release|Any CPU
		{2C035836-40C4-4941-8346-EB9606E84CF2}.AppStore|x64.Build.0 = Release|Any CPU
		{2C035836-40C4-4941-8346-EB9606E84CF2}.AppStore|x86.ActiveCfg = Release|Any CPU
		{2C035836-40C4-4941-8346-EB9606E84CF2}.AppStore|x86.Build.0 = Release|Any CPU
		{2C035836-40C4-4941-8346-EB9606E84CF2}.Debug|Any CPU.ActiveCfg = Debug|Any CPU
		{2C035836-40C4-4941-8346-EB9606E84CF2}.Debug|Any CPU.Build.0 = Debug|Any CPU
		{2C035836-40C4-4941-8346-EB9606E84CF2}.Debug|iPhone.ActiveCfg = Debug|Any CPU
		{2C035836-40C4-4941-8346-EB9606E84CF2}.Debug|iPhone.Build.0 = Debug|Any CPU
		{2C035836-40C4-4941-8346-EB9606E84CF2}.Debug|iPhoneSimulator.ActiveCfg = Debug|Any CPU
		{2C035836-40C4-4941-8346-EB9606E84CF2}.Debug|iPhoneSimulator.Build.0 = Debug|Any CPU
		{2C035836-40C4-4941-8346-EB9606E84CF2}.Debug|Mixed Platforms.ActiveCfg = Debug|Any CPU
		{2C035836-40C4-4941-8346-EB9606E84CF2}.Debug|Mixed Platforms.Build.0 = Debug|Any CPU
		{2C035836-40C4-4941-8346-EB9606E84CF2}.Debug|Win32.ActiveCfg = Debug|Any CPU
		{2C035836-40C4-4941-8346-EB9606E84CF2}.Debug|Win32.Build.0 = Debug|Any CPU
		{2C035836-40C4-4941-8346-EB9606E84CF2}.Debug|x64.ActiveCfg = Debug|Any CPU
		{2C035836-40C4-4941-8346-EB9606E84CF2}.Debug|x64.Build.0 = Debug|Any CPU
		{2C035836-40C4-4941-8346-EB9606E84CF2}.Debug|x86.ActiveCfg = Debug|Any CPU
		{2C035836-40C4-4941-8346-EB9606E84CF2}.Debug|x86.Build.0 = Debug|Any CPU
		{2C035836-40C4-4941-8346-EB9606E84CF2}.Distribution|Any CPU.ActiveCfg = Debug|Any CPU
		{2C035836-40C4-4941-8346-EB9606E84CF2}.Distribution|Any CPU.Build.0 = Debug|Any CPU
		{2C035836-40C4-4941-8346-EB9606E84CF2}.Distribution|iPhone.ActiveCfg = Debug|Any CPU
		{2C035836-40C4-4941-8346-EB9606E84CF2}.Distribution|iPhone.Build.0 = Debug|Any CPU
		{2C035836-40C4-4941-8346-EB9606E84CF2}.Distribution|iPhoneSimulator.ActiveCfg = Debug|Any CPU
		{2C035836-40C4-4941-8346-EB9606E84CF2}.Distribution|iPhoneSimulator.Build.0 = Debug|Any CPU
		{2C035836-40C4-4941-8346-EB9606E84CF2}.Distribution|Mixed Platforms.ActiveCfg = Debug|Any CPU
		{2C035836-40C4-4941-8346-EB9606E84CF2}.Distribution|Mixed Platforms.Build.0 = Debug|Any CPU
		{2C035836-40C4-4941-8346-EB9606E84CF2}.Distribution|Win32.ActiveCfg = Debug|Any CPU
		{2C035836-40C4-4941-8346-EB9606E84CF2}.Distribution|Win32.Build.0 = Debug|Any CPU
		{2C035836-40C4-4941-8346-EB9606E84CF2}.Distribution|x64.ActiveCfg = Debug|Any CPU
		{2C035836-40C4-4941-8346-EB9606E84CF2}.Distribution|x64.Build.0 = Debug|Any CPU
		{2C035836-40C4-4941-8346-EB9606E84CF2}.Distribution|x86.ActiveCfg = Debug|Any CPU
		{2C035836-40C4-4941-8346-EB9606E84CF2}.Distribution|x86.Build.0 = Debug|Any CPU
		{2C035836-40C4-4941-8346-EB9606E84CF2}.DistributionDebug|Any CPU.ActiveCfg = Debug|Any CPU
		{2C035836-40C4-4941-8346-EB9606E84CF2}.DistributionDebug|Any CPU.Build.0 = Debug|Any CPU
		{2C035836-40C4-4941-8346-EB9606E84CF2}.DistributionDebug|iPhone.ActiveCfg = Debug|Any CPU
		{2C035836-40C4-4941-8346-EB9606E84CF2}.DistributionDebug|iPhone.Build.0 = Debug|Any CPU
		{2C035836-40C4-4941-8346-EB9606E84CF2}.DistributionDebug|iPhoneSimulator.ActiveCfg = Debug|Any CPU
		{2C035836-40C4-4941-8346-EB9606E84CF2}.DistributionDebug|iPhoneSimulator.Build.0 = Debug|Any CPU
		{2C035836-40C4-4941-8346-EB9606E84CF2}.DistributionDebug|Mixed Platforms.ActiveCfg = Debug|Any CPU
		{2C035836-40C4-4941-8346-EB9606E84CF2}.DistributionDebug|Mixed Platforms.Build.0 = Debug|Any CPU
		{2C035836-40C4-4941-8346-EB9606E84CF2}.DistributionDebug|Win32.ActiveCfg = Debug|Any CPU
		{2C035836-40C4-4941-8346-EB9606E84CF2}.DistributionDebug|Win32.Build.0 = Debug|Any CPU
		{2C035836-40C4-4941-8346-EB9606E84CF2}.DistributionDebug|x64.ActiveCfg = Debug|Any CPU
		{2C035836-40C4-4941-8346-EB9606E84CF2}.DistributionDebug|x64.Build.0 = Debug|Any CPU
		{2C035836-40C4-4941-8346-EB9606E84CF2}.DistributionDebug|x86.ActiveCfg = Debug|Any CPU
		{2C035836-40C4-4941-8346-EB9606E84CF2}.DistributionDebug|x86.Build.0 = Debug|Any CPU
		{2C035836-40C4-4941-8346-EB9606E84CF2}.Release|Any CPU.ActiveCfg = Release|Any CPU
		{2C035836-40C4-4941-8346-EB9606E84CF2}.Release|Any CPU.Build.0 = Release|Any CPU
		{2C035836-40C4-4941-8346-EB9606E84CF2}.Release|iPhone.ActiveCfg = Release|Any CPU
		{2C035836-40C4-4941-8346-EB9606E84CF2}.Release|iPhone.Build.0 = Release|Any CPU
		{2C035836-40C4-4941-8346-EB9606E84CF2}.Release|iPhoneSimulator.ActiveCfg = Release|Any CPU
		{2C035836-40C4-4941-8346-EB9606E84CF2}.Release|iPhoneSimulator.Build.0 = Release|Any CPU
		{2C035836-40C4-4941-8346-EB9606E84CF2}.Release|Mixed Platforms.ActiveCfg = Release|Any CPU
		{2C035836-40C4-4941-8346-EB9606E84CF2}.Release|Mixed Platforms.Build.0 = Release|Any CPU
		{2C035836-40C4-4941-8346-EB9606E84CF2}.Release|Win32.ActiveCfg = Release|Any CPU
		{2C035836-40C4-4941-8346-EB9606E84CF2}.Release|Win32.Build.0 = Release|Any CPU
		{2C035836-40C4-4941-8346-EB9606E84CF2}.Release|x64.ActiveCfg = Release|Any CPU
		{2C035836-40C4-4941-8346-EB9606E84CF2}.Release|x64.Build.0 = Release|Any CPU
		{2C035836-40C4-4941-8346-EB9606E84CF2}.Release|x86.ActiveCfg = Release|Any CPU
		{2C035836-40C4-4941-8346-EB9606E84CF2}.Release|x86.Build.0 = Release|Any CPU
		{E248A0D4-E371-4B60-BB5E-B44FA36E6EC2}.Ad-Hoc|Any CPU.ActiveCfg = Release|Any CPU
		{E248A0D4-E371-4B60-BB5E-B44FA36E6EC2}.Ad-Hoc|Any CPU.Build.0 = Release|Any CPU
		{E248A0D4-E371-4B60-BB5E-B44FA36E6EC2}.Ad-Hoc|Any CPU.Deploy.0 = Release|Any CPU
		{E248A0D4-E371-4B60-BB5E-B44FA36E6EC2}.Ad-Hoc|iPhone.ActiveCfg = Release|Any CPU
		{E248A0D4-E371-4B60-BB5E-B44FA36E6EC2}.Ad-Hoc|iPhone.Build.0 = Release|Any CPU
		{E248A0D4-E371-4B60-BB5E-B44FA36E6EC2}.Ad-Hoc|iPhone.Deploy.0 = Release|Any CPU
		{E248A0D4-E371-4B60-BB5E-B44FA36E6EC2}.Ad-Hoc|iPhoneSimulator.ActiveCfg = Release|Any CPU
		{E248A0D4-E371-4B60-BB5E-B44FA36E6EC2}.Ad-Hoc|iPhoneSimulator.Build.0 = Release|Any CPU
		{E248A0D4-E371-4B60-BB5E-B44FA36E6EC2}.Ad-Hoc|iPhoneSimulator.Deploy.0 = Release|Any CPU
		{E248A0D4-E371-4B60-BB5E-B44FA36E6EC2}.Ad-Hoc|Mixed Platforms.ActiveCfg = Release|Any CPU
		{E248A0D4-E371-4B60-BB5E-B44FA36E6EC2}.Ad-Hoc|Mixed Platforms.Build.0 = Release|Any CPU
		{E248A0D4-E371-4B60-BB5E-B44FA36E6EC2}.Ad-Hoc|Mixed Platforms.Deploy.0 = Release|Any CPU
		{E248A0D4-E371-4B60-BB5E-B44FA36E6EC2}.Ad-Hoc|Win32.ActiveCfg = Release|Any CPU
		{E248A0D4-E371-4B60-BB5E-B44FA36E6EC2}.Ad-Hoc|Win32.Build.0 = Release|Any CPU
		{E248A0D4-E371-4B60-BB5E-B44FA36E6EC2}.Ad-Hoc|Win32.Deploy.0 = Release|Any CPU
		{E248A0D4-E371-4B60-BB5E-B44FA36E6EC2}.Ad-Hoc|x64.ActiveCfg = Release|Any CPU
		{E248A0D4-E371-4B60-BB5E-B44FA36E6EC2}.Ad-Hoc|x64.Build.0 = Release|Any CPU
		{E248A0D4-E371-4B60-BB5E-B44FA36E6EC2}.Ad-Hoc|x64.Deploy.0 = Release|Any CPU
		{E248A0D4-E371-4B60-BB5E-B44FA36E6EC2}.Ad-Hoc|x86.ActiveCfg = Release|Any CPU
		{E248A0D4-E371-4B60-BB5E-B44FA36E6EC2}.Ad-Hoc|x86.Build.0 = Release|Any CPU
		{E248A0D4-E371-4B60-BB5E-B44FA36E6EC2}.Ad-Hoc|x86.Deploy.0 = Release|Any CPU
		{E248A0D4-E371-4B60-BB5E-B44FA36E6EC2}.AppStore|Any CPU.ActiveCfg = Release|Any CPU
		{E248A0D4-E371-4B60-BB5E-B44FA36E6EC2}.AppStore|Any CPU.Build.0 = Release|Any CPU
		{E248A0D4-E371-4B60-BB5E-B44FA36E6EC2}.AppStore|Any CPU.Deploy.0 = Release|Any CPU
		{E248A0D4-E371-4B60-BB5E-B44FA36E6EC2}.AppStore|iPhone.ActiveCfg = Release|Any CPU
		{E248A0D4-E371-4B60-BB5E-B44FA36E6EC2}.AppStore|iPhone.Build.0 = Release|Any CPU
		{E248A0D4-E371-4B60-BB5E-B44FA36E6EC2}.AppStore|iPhone.Deploy.0 = Release|Any CPU
		{E248A0D4-E371-4B60-BB5E-B44FA36E6EC2}.AppStore|iPhoneSimulator.ActiveCfg = Release|Any CPU
		{E248A0D4-E371-4B60-BB5E-B44FA36E6EC2}.AppStore|iPhoneSimulator.Build.0 = Release|Any CPU
		{E248A0D4-E371-4B60-BB5E-B44FA36E6EC2}.AppStore|iPhoneSimulator.Deploy.0 = Release|Any CPU
		{E248A0D4-E371-4B60-BB5E-B44FA36E6EC2}.AppStore|Mixed Platforms.ActiveCfg = Release|Any CPU
		{E248A0D4-E371-4B60-BB5E-B44FA36E6EC2}.AppStore|Mixed Platforms.Build.0 = Release|Any CPU
		{E248A0D4-E371-4B60-BB5E-B44FA36E6EC2}.AppStore|Mixed Platforms.Deploy.0 = Release|Any CPU
		{E248A0D4-E371-4B60-BB5E-B44FA36E6EC2}.AppStore|Win32.ActiveCfg = Release|Any CPU
		{E248A0D4-E371-4B60-BB5E-B44FA36E6EC2}.AppStore|Win32.Build.0 = Release|Any CPU
		{E248A0D4-E371-4B60-BB5E-B44FA36E6EC2}.AppStore|Win32.Deploy.0 = Release|Any CPU
		{E248A0D4-E371-4B60-BB5E-B44FA36E6EC2}.AppStore|x64.ActiveCfg = Release|Any CPU
		{E248A0D4-E371-4B60-BB5E-B44FA36E6EC2}.AppStore|x64.Build.0 = Release|Any CPU
		{E248A0D4-E371-4B60-BB5E-B44FA36E6EC2}.AppStore|x64.Deploy.0 = Release|Any CPU
		{E248A0D4-E371-4B60-BB5E-B44FA36E6EC2}.AppStore|x86.ActiveCfg = Release|Any CPU
		{E248A0D4-E371-4B60-BB5E-B44FA36E6EC2}.AppStore|x86.Build.0 = Release|Any CPU
		{E248A0D4-E371-4B60-BB5E-B44FA36E6EC2}.AppStore|x86.Deploy.0 = Release|Any CPU
		{E248A0D4-E371-4B60-BB5E-B44FA36E6EC2}.Debug|Any CPU.ActiveCfg = Debug|Any CPU
		{E248A0D4-E371-4B60-BB5E-B44FA36E6EC2}.Debug|Any CPU.Build.0 = Debug|Any CPU
		{E248A0D4-E371-4B60-BB5E-B44FA36E6EC2}.Debug|Any CPU.Deploy.0 = Debug|Any CPU
		{E248A0D4-E371-4B60-BB5E-B44FA36E6EC2}.Debug|iPhone.ActiveCfg = Debug|Any CPU
		{E248A0D4-E371-4B60-BB5E-B44FA36E6EC2}.Debug|iPhone.Build.0 = Debug|Any CPU
		{E248A0D4-E371-4B60-BB5E-B44FA36E6EC2}.Debug|iPhone.Deploy.0 = Debug|Any CPU
		{E248A0D4-E371-4B60-BB5E-B44FA36E6EC2}.Debug|iPhoneSimulator.ActiveCfg = Debug|Any CPU
		{E248A0D4-E371-4B60-BB5E-B44FA36E6EC2}.Debug|iPhoneSimulator.Build.0 = Debug|Any CPU
		{E248A0D4-E371-4B60-BB5E-B44FA36E6EC2}.Debug|iPhoneSimulator.Deploy.0 = Debug|Any CPU
		{E248A0D4-E371-4B60-BB5E-B44FA36E6EC2}.Debug|Mixed Platforms.ActiveCfg = Debug|Any CPU
		{E248A0D4-E371-4B60-BB5E-B44FA36E6EC2}.Debug|Mixed Platforms.Build.0 = Debug|Any CPU
		{E248A0D4-E371-4B60-BB5E-B44FA36E6EC2}.Debug|Mixed Platforms.Deploy.0 = Debug|Any CPU
		{E248A0D4-E371-4B60-BB5E-B44FA36E6EC2}.Debug|Win32.ActiveCfg = Debug|Any CPU
		{E248A0D4-E371-4B60-BB5E-B44FA36E6EC2}.Debug|Win32.Build.0 = Debug|Any CPU
		{E248A0D4-E371-4B60-BB5E-B44FA36E6EC2}.Debug|Win32.Deploy.0 = Debug|Any CPU
		{E248A0D4-E371-4B60-BB5E-B44FA36E6EC2}.Debug|x64.ActiveCfg = Debug|Any CPU
		{E248A0D4-E371-4B60-BB5E-B44FA36E6EC2}.Debug|x64.Build.0 = Debug|Any CPU
		{E248A0D4-E371-4B60-BB5E-B44FA36E6EC2}.Debug|x64.Deploy.0 = Debug|Any CPU
		{E248A0D4-E371-4B60-BB5E-B44FA36E6EC2}.Debug|x86.ActiveCfg = Debug|Any CPU
		{E248A0D4-E371-4B60-BB5E-B44FA36E6EC2}.Debug|x86.Build.0 = Debug|Any CPU
		{E248A0D4-E371-4B60-BB5E-B44FA36E6EC2}.Debug|x86.Deploy.0 = Debug|Any CPU
		{E248A0D4-E371-4B60-BB5E-B44FA36E6EC2}.Distribution|Any CPU.ActiveCfg = Debug|Any CPU
		{E248A0D4-E371-4B60-BB5E-B44FA36E6EC2}.Distribution|Any CPU.Build.0 = Debug|Any CPU
		{E248A0D4-E371-4B60-BB5E-B44FA36E6EC2}.Distribution|Any CPU.Deploy.0 = Debug|Any CPU
		{E248A0D4-E371-4B60-BB5E-B44FA36E6EC2}.Distribution|iPhone.ActiveCfg = Debug|Any CPU
		{E248A0D4-E371-4B60-BB5E-B44FA36E6EC2}.Distribution|iPhone.Build.0 = Debug|Any CPU
		{E248A0D4-E371-4B60-BB5E-B44FA36E6EC2}.Distribution|iPhone.Deploy.0 = Debug|Any CPU
		{E248A0D4-E371-4B60-BB5E-B44FA36E6EC2}.Distribution|iPhoneSimulator.ActiveCfg = Debug|Any CPU
		{E248A0D4-E371-4B60-BB5E-B44FA36E6EC2}.Distribution|iPhoneSimulator.Build.0 = Debug|Any CPU
		{E248A0D4-E371-4B60-BB5E-B44FA36E6EC2}.Distribution|iPhoneSimulator.Deploy.0 = Debug|Any CPU
		{E248A0D4-E371-4B60-BB5E-B44FA36E6EC2}.Distribution|Mixed Platforms.ActiveCfg = Debug|Any CPU
		{E248A0D4-E371-4B60-BB5E-B44FA36E6EC2}.Distribution|Mixed Platforms.Build.0 = Debug|Any CPU
		{E248A0D4-E371-4B60-BB5E-B44FA36E6EC2}.Distribution|Mixed Platforms.Deploy.0 = Debug|Any CPU
		{E248A0D4-E371-4B60-BB5E-B44FA36E6EC2}.Distribution|Win32.ActiveCfg = Debug|Any CPU
		{E248A0D4-E371-4B60-BB5E-B44FA36E6EC2}.Distribution|Win32.Build.0 = Debug|Any CPU
		{E248A0D4-E371-4B60-BB5E-B44FA36E6EC2}.Distribution|Win32.Deploy.0 = Debug|Any CPU
		{E248A0D4-E371-4B60-BB5E-B44FA36E6EC2}.Distribution|x64.ActiveCfg = Debug|Any CPU
		{E248A0D4-E371-4B60-BB5E-B44FA36E6EC2}.Distribution|x64.Build.0 = Debug|Any CPU
		{E248A0D4-E371-4B60-BB5E-B44FA36E6EC2}.Distribution|x64.Deploy.0 = Debug|Any CPU
		{E248A0D4-E371-4B60-BB5E-B44FA36E6EC2}.Distribution|x86.ActiveCfg = Debug|Any CPU
		{E248A0D4-E371-4B60-BB5E-B44FA36E6EC2}.Distribution|x86.Build.0 = Debug|Any CPU
		{E248A0D4-E371-4B60-BB5E-B44FA36E6EC2}.Distribution|x86.Deploy.0 = Debug|Any CPU
		{E248A0D4-E371-4B60-BB5E-B44FA36E6EC2}.DistributionDebug|Any CPU.ActiveCfg = Debug|Any CPU
		{E248A0D4-E371-4B60-BB5E-B44FA36E6EC2}.DistributionDebug|Any CPU.Build.0 = Debug|Any CPU
		{E248A0D4-E371-4B60-BB5E-B44FA36E6EC2}.DistributionDebug|Any CPU.Deploy.0 = Debug|Any CPU
		{E248A0D4-E371-4B60-BB5E-B44FA36E6EC2}.DistributionDebug|iPhone.ActiveCfg = Debug|Any CPU
		{E248A0D4-E371-4B60-BB5E-B44FA36E6EC2}.DistributionDebug|iPhone.Build.0 = Debug|Any CPU
		{E248A0D4-E371-4B60-BB5E-B44FA36E6EC2}.DistributionDebug|iPhone.Deploy.0 = Debug|Any CPU
		{E248A0D4-E371-4B60-BB5E-B44FA36E6EC2}.DistributionDebug|iPhoneSimulator.ActiveCfg = Debug|Any CPU
		{E248A0D4-E371-4B60-BB5E-B44FA36E6EC2}.DistributionDebug|iPhoneSimulator.Build.0 = Debug|Any CPU
		{E248A0D4-E371-4B60-BB5E-B44FA36E6EC2}.DistributionDebug|iPhoneSimulator.Deploy.0 = Debug|Any CPU
		{E248A0D4-E371-4B60-BB5E-B44FA36E6EC2}.DistributionDebug|Mixed Platforms.ActiveCfg = Debug|Any CPU
		{E248A0D4-E371-4B60-BB5E-B44FA36E6EC2}.DistributionDebug|Mixed Platforms.Build.0 = Debug|Any CPU
		{E248A0D4-E371-4B60-BB5E-B44FA36E6EC2}.DistributionDebug|Mixed Platforms.Deploy.0 = Debug|Any CPU
		{E248A0D4-E371-4B60-BB5E-B44FA36E6EC2}.DistributionDebug|Win32.ActiveCfg = Debug|Any CPU
		{E248A0D4-E371-4B60-BB5E-B44FA36E6EC2}.DistributionDebug|Win32.Build.0 = Debug|Any CPU
		{E248A0D4-E371-4B60-BB5E-B44FA36E6EC2}.DistributionDebug|Win32.Deploy.0 = Debug|Any CPU
		{E248A0D4-E371-4B60-BB5E-B44FA36E6EC2}.DistributionDebug|x64.ActiveCfg = Debug|Any CPU
		{E248A0D4-E371-4B60-BB5E-B44FA36E6EC2}.DistributionDebug|x64.Build.0 = Debug|Any CPU
		{E248A0D4-E371-4B60-BB5E-B44FA36E6EC2}.DistributionDebug|x64.Deploy.0 = Debug|Any CPU
		{E248A0D4-E371-4B60-BB5E-B44FA36E6EC2}.DistributionDebug|x86.ActiveCfg = Debug|Any CPU
		{E248A0D4-E371-4B60-BB5E-B44FA36E6EC2}.DistributionDebug|x86.Build.0 = Debug|Any CPU
		{E248A0D4-E371-4B60-BB5E-B44FA36E6EC2}.DistributionDebug|x86.Deploy.0 = Debug|Any CPU
		{E248A0D4-E371-4B60-BB5E-B44FA36E6EC2}.Release|Any CPU.ActiveCfg = Release|Any CPU
		{E248A0D4-E371-4B60-BB5E-B44FA36E6EC2}.Release|Any CPU.Build.0 = Release|Any CPU
		{E248A0D4-E371-4B60-BB5E-B44FA36E6EC2}.Release|Any CPU.Deploy.0 = Release|Any CPU
		{E248A0D4-E371-4B60-BB5E-B44FA36E6EC2}.Release|iPhone.ActiveCfg = Release|Any CPU
		{E248A0D4-E371-4B60-BB5E-B44FA36E6EC2}.Release|iPhone.Build.0 = Release|Any CPU
		{E248A0D4-E371-4B60-BB5E-B44FA36E6EC2}.Release|iPhone.Deploy.0 = Release|Any CPU
		{E248A0D4-E371-4B60-BB5E-B44FA36E6EC2}.Release|iPhoneSimulator.ActiveCfg = Release|Any CPU
		{E248A0D4-E371-4B60-BB5E-B44FA36E6EC2}.Release|iPhoneSimulator.Build.0 = Release|Any CPU
		{E248A0D4-E371-4B60-BB5E-B44FA36E6EC2}.Release|iPhoneSimulator.Deploy.0 = Release|Any CPU
		{E248A0D4-E371-4B60-BB5E-B44FA36E6EC2}.Release|Mixed Platforms.ActiveCfg = Release|Any CPU
		{E248A0D4-E371-4B60-BB5E-B44FA36E6EC2}.Release|Mixed Platforms.Build.0 = Release|Any CPU
		{E248A0D4-E371-4B60-BB5E-B44FA36E6EC2}.Release|Mixed Platforms.Deploy.0 = Release|Any CPU
		{E248A0D4-E371-4B60-BB5E-B44FA36E6EC2}.Release|Win32.ActiveCfg = Release|Any CPU
		{E248A0D4-E371-4B60-BB5E-B44FA36E6EC2}.Release|Win32.Build.0 = Release|Any CPU
		{E248A0D4-E371-4B60-BB5E-B44FA36E6EC2}.Release|Win32.Deploy.0 = Release|Any CPU
		{E248A0D4-E371-4B60-BB5E-B44FA36E6EC2}.Release|x64.ActiveCfg = Release|Any CPU
		{E248A0D4-E371-4B60-BB5E-B44FA36E6EC2}.Release|x64.Build.0 = Release|Any CPU
		{E248A0D4-E371-4B60-BB5E-B44FA36E6EC2}.Release|x64.Deploy.0 = Release|Any CPU
		{E248A0D4-E371-4B60-BB5E-B44FA36E6EC2}.Release|x86.ActiveCfg = Release|Any CPU
		{E248A0D4-E371-4B60-BB5E-B44FA36E6EC2}.Release|x86.Build.0 = Release|Any CPU
		{E248A0D4-E371-4B60-BB5E-B44FA36E6EC2}.Release|x86.Deploy.0 = Release|Any CPU
		{A1770C4F-09EE-41F9-86AB-5672C3D42980}.Ad-Hoc|Any CPU.ActiveCfg = DistributionDebug|iPhone
		{A1770C4F-09EE-41F9-86AB-5672C3D42980}.Ad-Hoc|Any CPU.Build.0 = DistributionDebug|iPhone
		{A1770C4F-09EE-41F9-86AB-5672C3D42980}.Ad-Hoc|iPhone.ActiveCfg = DistributionDebug|iPhone
		{A1770C4F-09EE-41F9-86AB-5672C3D42980}.Ad-Hoc|iPhone.Build.0 = DistributionDebug|iPhone
		{A1770C4F-09EE-41F9-86AB-5672C3D42980}.Ad-Hoc|iPhoneSimulator.ActiveCfg = DistributionDebug|iPhoneSimulator
		{A1770C4F-09EE-41F9-86AB-5672C3D42980}.Ad-Hoc|iPhoneSimulator.Build.0 = DistributionDebug|iPhoneSimulator
		{A1770C4F-09EE-41F9-86AB-5672C3D42980}.Ad-Hoc|Mixed Platforms.ActiveCfg = DistributionDebug|iPhone
		{A1770C4F-09EE-41F9-86AB-5672C3D42980}.Ad-Hoc|Mixed Platforms.Build.0 = DistributionDebug|iPhone
		{A1770C4F-09EE-41F9-86AB-5672C3D42980}.Ad-Hoc|Win32.ActiveCfg = DistributionDebug|iPhone
		{A1770C4F-09EE-41F9-86AB-5672C3D42980}.Ad-Hoc|Win32.Build.0 = DistributionDebug|iPhone
		{A1770C4F-09EE-41F9-86AB-5672C3D42980}.Ad-Hoc|x64.ActiveCfg = DistributionDebug|iPhone
		{A1770C4F-09EE-41F9-86AB-5672C3D42980}.Ad-Hoc|x64.Build.0 = DistributionDebug|iPhone
		{A1770C4F-09EE-41F9-86AB-5672C3D42980}.Ad-Hoc|x86.ActiveCfg = DistributionDebug|iPhone
		{A1770C4F-09EE-41F9-86AB-5672C3D42980}.Ad-Hoc|x86.Build.0 = DistributionDebug|iPhone
		{A1770C4F-09EE-41F9-86AB-5672C3D42980}.AppStore|Any CPU.ActiveCfg = DistributionDebug|iPhone
		{A1770C4F-09EE-41F9-86AB-5672C3D42980}.AppStore|Any CPU.Build.0 = DistributionDebug|iPhone
		{A1770C4F-09EE-41F9-86AB-5672C3D42980}.AppStore|iPhone.ActiveCfg = DistributionDebug|iPhone
		{A1770C4F-09EE-41F9-86AB-5672C3D42980}.AppStore|iPhone.Build.0 = DistributionDebug|iPhone
		{A1770C4F-09EE-41F9-86AB-5672C3D42980}.AppStore|iPhoneSimulator.ActiveCfg = DistributionDebug|iPhoneSimulator
		{A1770C4F-09EE-41F9-86AB-5672C3D42980}.AppStore|iPhoneSimulator.Build.0 = DistributionDebug|iPhoneSimulator
		{A1770C4F-09EE-41F9-86AB-5672C3D42980}.AppStore|Mixed Platforms.ActiveCfg = DistributionDebug|iPhone
		{A1770C4F-09EE-41F9-86AB-5672C3D42980}.AppStore|Mixed Platforms.Build.0 = DistributionDebug|iPhone
		{A1770C4F-09EE-41F9-86AB-5672C3D42980}.AppStore|Win32.ActiveCfg = DistributionDebug|iPhone
		{A1770C4F-09EE-41F9-86AB-5672C3D42980}.AppStore|Win32.Build.0 = DistributionDebug|iPhone
		{A1770C4F-09EE-41F9-86AB-5672C3D42980}.AppStore|x64.ActiveCfg = DistributionDebug|iPhone
		{A1770C4F-09EE-41F9-86AB-5672C3D42980}.AppStore|x64.Build.0 = DistributionDebug|iPhone
		{A1770C4F-09EE-41F9-86AB-5672C3D42980}.AppStore|x86.ActiveCfg = DistributionDebug|iPhone
		{A1770C4F-09EE-41F9-86AB-5672C3D42980}.AppStore|x86.Build.0 = DistributionDebug|iPhone
		{A1770C4F-09EE-41F9-86AB-5672C3D42980}.Debug|Any CPU.ActiveCfg = Debug|iPhone
		{A1770C4F-09EE-41F9-86AB-5672C3D42980}.Debug|iPhone.ActiveCfg = Debug|iPhone
		{A1770C4F-09EE-41F9-86AB-5672C3D42980}.Debug|iPhone.Build.0 = Debug|iPhone
		{A1770C4F-09EE-41F9-86AB-5672C3D42980}.Debug|iPhoneSimulator.ActiveCfg = Debug|iPhoneSimulator
		{A1770C4F-09EE-41F9-86AB-5672C3D42980}.Debug|iPhoneSimulator.Build.0 = Debug|iPhoneSimulator
		{A1770C4F-09EE-41F9-86AB-5672C3D42980}.Debug|Mixed Platforms.ActiveCfg = Debug|iPhone
		{A1770C4F-09EE-41F9-86AB-5672C3D42980}.Debug|Mixed Platforms.Build.0 = Debug|iPhone
		{A1770C4F-09EE-41F9-86AB-5672C3D42980}.Debug|Win32.ActiveCfg = Debug|iPhone
		{A1770C4F-09EE-41F9-86AB-5672C3D42980}.Debug|x64.ActiveCfg = Debug|iPhone
		{A1770C4F-09EE-41F9-86AB-5672C3D42980}.Debug|x86.ActiveCfg = Debug|iPhone
		{A1770C4F-09EE-41F9-86AB-5672C3D42980}.Distribution|Any CPU.ActiveCfg = Distribution|iPhone
		{A1770C4F-09EE-41F9-86AB-5672C3D42980}.Distribution|iPhone.ActiveCfg = Distribution|iPhone
		{A1770C4F-09EE-41F9-86AB-5672C3D42980}.Distribution|iPhone.Build.0 = Distribution|iPhone
		{A1770C4F-09EE-41F9-86AB-5672C3D42980}.Distribution|iPhoneSimulator.ActiveCfg = Distribution|iPhoneSimulator
		{A1770C4F-09EE-41F9-86AB-5672C3D42980}.Distribution|iPhoneSimulator.Build.0 = Distribution|iPhoneSimulator
		{A1770C4F-09EE-41F9-86AB-5672C3D42980}.Distribution|Mixed Platforms.ActiveCfg = Distribution|iPhone
		{A1770C4F-09EE-41F9-86AB-5672C3D42980}.Distribution|Mixed Platforms.Build.0 = Distribution|iPhone
		{A1770C4F-09EE-41F9-86AB-5672C3D42980}.Distribution|Win32.ActiveCfg = Distribution|iPhone
		{A1770C4F-09EE-41F9-86AB-5672C3D42980}.Distribution|x64.ActiveCfg = Distribution|iPhone
		{A1770C4F-09EE-41F9-86AB-5672C3D42980}.Distribution|x86.ActiveCfg = Distribution|iPhone
		{A1770C4F-09EE-41F9-86AB-5672C3D42980}.DistributionDebug|Any CPU.ActiveCfg = DistributionDebug|iPhone
		{A1770C4F-09EE-41F9-86AB-5672C3D42980}.DistributionDebug|iPhone.ActiveCfg = DistributionDebug|iPhone
		{A1770C4F-09EE-41F9-86AB-5672C3D42980}.DistributionDebug|iPhone.Build.0 = DistributionDebug|iPhone
		{A1770C4F-09EE-41F9-86AB-5672C3D42980}.DistributionDebug|iPhoneSimulator.ActiveCfg = DistributionDebug|iPhoneSimulator
		{A1770C4F-09EE-41F9-86AB-5672C3D42980}.DistributionDebug|iPhoneSimulator.Build.0 = DistributionDebug|iPhoneSimulator
		{A1770C4F-09EE-41F9-86AB-5672C3D42980}.DistributionDebug|Mixed Platforms.ActiveCfg = DistributionDebug|iPhone
		{A1770C4F-09EE-41F9-86AB-5672C3D42980}.DistributionDebug|Mixed Platforms.Build.0 = DistributionDebug|iPhone
		{A1770C4F-09EE-41F9-86AB-5672C3D42980}.DistributionDebug|Win32.ActiveCfg = DistributionDebug|iPhone
		{A1770C4F-09EE-41F9-86AB-5672C3D42980}.DistributionDebug|x64.ActiveCfg = DistributionDebug|iPhone
		{A1770C4F-09EE-41F9-86AB-5672C3D42980}.DistributionDebug|x86.ActiveCfg = DistributionDebug|iPhone
		{A1770C4F-09EE-41F9-86AB-5672C3D42980}.Release|Any CPU.ActiveCfg = Release|iPhone
		{A1770C4F-09EE-41F9-86AB-5672C3D42980}.Release|iPhone.ActiveCfg = Release|iPhone
		{A1770C4F-09EE-41F9-86AB-5672C3D42980}.Release|iPhone.Build.0 = Release|iPhone
		{A1770C4F-09EE-41F9-86AB-5672C3D42980}.Release|iPhoneSimulator.ActiveCfg = Release|iPhoneSimulator
		{A1770C4F-09EE-41F9-86AB-5672C3D42980}.Release|iPhoneSimulator.Build.0 = Release|iPhoneSimulator
		{A1770C4F-09EE-41F9-86AB-5672C3D42980}.Release|Mixed Platforms.ActiveCfg = Release|iPhone
		{A1770C4F-09EE-41F9-86AB-5672C3D42980}.Release|Mixed Platforms.Build.0 = Release|iPhone
		{A1770C4F-09EE-41F9-86AB-5672C3D42980}.Release|Win32.ActiveCfg = Release|iPhone
		{A1770C4F-09EE-41F9-86AB-5672C3D42980}.Release|x64.ActiveCfg = Release|iPhone
		{A1770C4F-09EE-41F9-86AB-5672C3D42980}.Release|x86.ActiveCfg = Release|iPhone
		{FBF8DA20-E124-43B8-9080-840F4BCF0453}.Ad-Hoc|Any CPU.ActiveCfg = Ad-Hoc|iPhone
		{FBF8DA20-E124-43B8-9080-840F4BCF0453}.Ad-Hoc|iPhone.ActiveCfg = Ad-Hoc|iPhone
		{FBF8DA20-E124-43B8-9080-840F4BCF0453}.Ad-Hoc|iPhone.Build.0 = Ad-Hoc|iPhone
		{FBF8DA20-E124-43B8-9080-840F4BCF0453}.Ad-Hoc|iPhoneSimulator.ActiveCfg = Ad-Hoc|iPhoneSimulator
		{FBF8DA20-E124-43B8-9080-840F4BCF0453}.Ad-Hoc|iPhoneSimulator.Build.0 = Ad-Hoc|iPhoneSimulator
		{FBF8DA20-E124-43B8-9080-840F4BCF0453}.Ad-Hoc|Mixed Platforms.ActiveCfg = Ad-Hoc|iPhone
		{FBF8DA20-E124-43B8-9080-840F4BCF0453}.Ad-Hoc|Mixed Platforms.Build.0 = Ad-Hoc|iPhone
		{FBF8DA20-E124-43B8-9080-840F4BCF0453}.Ad-Hoc|Win32.ActiveCfg = Ad-Hoc|iPhone
		{FBF8DA20-E124-43B8-9080-840F4BCF0453}.Ad-Hoc|x64.ActiveCfg = Ad-Hoc|iPhone
		{FBF8DA20-E124-43B8-9080-840F4BCF0453}.Ad-Hoc|x86.ActiveCfg = Ad-Hoc|iPhone
		{FBF8DA20-E124-43B8-9080-840F4BCF0453}.AppStore|Any CPU.ActiveCfg = AppStore|iPhone
		{FBF8DA20-E124-43B8-9080-840F4BCF0453}.AppStore|iPhone.ActiveCfg = AppStore|iPhone
		{FBF8DA20-E124-43B8-9080-840F4BCF0453}.AppStore|iPhone.Build.0 = AppStore|iPhone
		{FBF8DA20-E124-43B8-9080-840F4BCF0453}.AppStore|iPhoneSimulator.ActiveCfg = AppStore|iPhoneSimulator
		{FBF8DA20-E124-43B8-9080-840F4BCF0453}.AppStore|iPhoneSimulator.Build.0 = AppStore|iPhoneSimulator
		{FBF8DA20-E124-43B8-9080-840F4BCF0453}.AppStore|Mixed Platforms.ActiveCfg = AppStore|iPhone
		{FBF8DA20-E124-43B8-9080-840F4BCF0453}.AppStore|Mixed Platforms.Build.0 = AppStore|iPhone
		{FBF8DA20-E124-43B8-9080-840F4BCF0453}.AppStore|Win32.ActiveCfg = AppStore|iPhone
		{FBF8DA20-E124-43B8-9080-840F4BCF0453}.AppStore|x64.ActiveCfg = AppStore|iPhone
		{FBF8DA20-E124-43B8-9080-840F4BCF0453}.AppStore|x86.ActiveCfg = AppStore|iPhone
		{FBF8DA20-E124-43B8-9080-840F4BCF0453}.Debug|Any CPU.ActiveCfg = Debug|iPhone
		{FBF8DA20-E124-43B8-9080-840F4BCF0453}.Debug|iPhone.ActiveCfg = Debug|iPhone
		{FBF8DA20-E124-43B8-9080-840F4BCF0453}.Debug|iPhone.Build.0 = Debug|iPhone
		{FBF8DA20-E124-43B8-9080-840F4BCF0453}.Debug|iPhoneSimulator.ActiveCfg = Debug|iPhoneSimulator
		{FBF8DA20-E124-43B8-9080-840F4BCF0453}.Debug|iPhoneSimulator.Build.0 = Debug|iPhoneSimulator
		{FBF8DA20-E124-43B8-9080-840F4BCF0453}.Debug|Mixed Platforms.ActiveCfg = Debug|iPhone
		{FBF8DA20-E124-43B8-9080-840F4BCF0453}.Debug|Mixed Platforms.Build.0 = Debug|iPhone
		{FBF8DA20-E124-43B8-9080-840F4BCF0453}.Debug|Win32.ActiveCfg = Debug|iPhone
		{FBF8DA20-E124-43B8-9080-840F4BCF0453}.Debug|x64.ActiveCfg = Debug|iPhone
		{FBF8DA20-E124-43B8-9080-840F4BCF0453}.Debug|x86.ActiveCfg = Debug|iPhone
		{FBF8DA20-E124-43B8-9080-840F4BCF0453}.Distribution|Any CPU.ActiveCfg = AppStore|iPhone
		{FBF8DA20-E124-43B8-9080-840F4BCF0453}.Distribution|Any CPU.Build.0 = AppStore|iPhone
		{FBF8DA20-E124-43B8-9080-840F4BCF0453}.Distribution|iPhone.ActiveCfg = Debug|iPhone
		{FBF8DA20-E124-43B8-9080-840F4BCF0453}.Distribution|iPhone.Build.0 = Debug|iPhone
		{FBF8DA20-E124-43B8-9080-840F4BCF0453}.Distribution|iPhoneSimulator.ActiveCfg = Debug|iPhoneSimulator
		{FBF8DA20-E124-43B8-9080-840F4BCF0453}.Distribution|iPhoneSimulator.Build.0 = Debug|iPhoneSimulator
		{FBF8DA20-E124-43B8-9080-840F4BCF0453}.Distribution|Mixed Platforms.ActiveCfg = Debug|iPhone
		{FBF8DA20-E124-43B8-9080-840F4BCF0453}.Distribution|Mixed Platforms.Build.0 = Debug|iPhone
		{FBF8DA20-E124-43B8-9080-840F4BCF0453}.Distribution|Win32.ActiveCfg = AppStore|iPhone
		{FBF8DA20-E124-43B8-9080-840F4BCF0453}.Distribution|Win32.Build.0 = AppStore|iPhone
		{FBF8DA20-E124-43B8-9080-840F4BCF0453}.Distribution|x64.ActiveCfg = AppStore|iPhone
		{FBF8DA20-E124-43B8-9080-840F4BCF0453}.Distribution|x64.Build.0 = AppStore|iPhone
		{FBF8DA20-E124-43B8-9080-840F4BCF0453}.Distribution|x86.ActiveCfg = AppStore|iPhone
		{FBF8DA20-E124-43B8-9080-840F4BCF0453}.Distribution|x86.Build.0 = AppStore|iPhone
		{FBF8DA20-E124-43B8-9080-840F4BCF0453}.DistributionDebug|Any CPU.ActiveCfg = AppStore|iPhone
		{FBF8DA20-E124-43B8-9080-840F4BCF0453}.DistributionDebug|Any CPU.Build.0 = AppStore|iPhone
		{FBF8DA20-E124-43B8-9080-840F4BCF0453}.DistributionDebug|iPhone.ActiveCfg = Debug|iPhone
		{FBF8DA20-E124-43B8-9080-840F4BCF0453}.DistributionDebug|iPhone.Build.0 = Debug|iPhone
		{FBF8DA20-E124-43B8-9080-840F4BCF0453}.DistributionDebug|iPhoneSimulator.ActiveCfg = Debug|iPhoneSimulator
		{FBF8DA20-E124-43B8-9080-840F4BCF0453}.DistributionDebug|iPhoneSimulator.Build.0 = Debug|iPhoneSimulator
		{FBF8DA20-E124-43B8-9080-840F4BCF0453}.DistributionDebug|Mixed Platforms.ActiveCfg = Debug|iPhone
		{FBF8DA20-E124-43B8-9080-840F4BCF0453}.DistributionDebug|Mixed Platforms.Build.0 = Debug|iPhone
		{FBF8DA20-E124-43B8-9080-840F4BCF0453}.DistributionDebug|Win32.ActiveCfg = AppStore|iPhone
		{FBF8DA20-E124-43B8-9080-840F4BCF0453}.DistributionDebug|Win32.Build.0 = AppStore|iPhone
		{FBF8DA20-E124-43B8-9080-840F4BCF0453}.DistributionDebug|x64.ActiveCfg = AppStore|iPhone
		{FBF8DA20-E124-43B8-9080-840F4BCF0453}.DistributionDebug|x64.Build.0 = AppStore|iPhone
		{FBF8DA20-E124-43B8-9080-840F4BCF0453}.DistributionDebug|x86.ActiveCfg = AppStore|iPhone
		{FBF8DA20-E124-43B8-9080-840F4BCF0453}.DistributionDebug|x86.Build.0 = AppStore|iPhone
		{FBF8DA20-E124-43B8-9080-840F4BCF0453}.Release|Any CPU.ActiveCfg = Release|iPhone
		{FBF8DA20-E124-43B8-9080-840F4BCF0453}.Release|iPhone.ActiveCfg = Release|iPhone
		{FBF8DA20-E124-43B8-9080-840F4BCF0453}.Release|iPhone.Build.0 = Release|iPhone
		{FBF8DA20-E124-43B8-9080-840F4BCF0453}.Release|iPhoneSimulator.ActiveCfg = Release|iPhoneSimulator
		{FBF8DA20-E124-43B8-9080-840F4BCF0453}.Release|iPhoneSimulator.Build.0 = Release|iPhoneSimulator
		{FBF8DA20-E124-43B8-9080-840F4BCF0453}.Release|Mixed Platforms.ActiveCfg = Release|iPhone
		{FBF8DA20-E124-43B8-9080-840F4BCF0453}.Release|Mixed Platforms.Build.0 = Release|iPhone
		{FBF8DA20-E124-43B8-9080-840F4BCF0453}.Release|Win32.ActiveCfg = Release|iPhone
		{FBF8DA20-E124-43B8-9080-840F4BCF0453}.Release|x64.ActiveCfg = Release|iPhone
		{FBF8DA20-E124-43B8-9080-840F4BCF0453}.Release|x86.ActiveCfg = Release|iPhone
		{73CA6F91-69A1-482F-8AAA-6F3D08D923D1}.Ad-Hoc|Any CPU.ActiveCfg = Release|Any CPU
		{73CA6F91-69A1-482F-8AAA-6F3D08D923D1}.Ad-Hoc|Any CPU.Build.0 = Release|Any CPU
		{73CA6F91-69A1-482F-8AAA-6F3D08D923D1}.Ad-Hoc|iPhone.ActiveCfg = Release|Any CPU
		{73CA6F91-69A1-482F-8AAA-6F3D08D923D1}.Ad-Hoc|iPhone.Build.0 = Release|Any CPU
		{73CA6F91-69A1-482F-8AAA-6F3D08D923D1}.Ad-Hoc|iPhoneSimulator.ActiveCfg = Release|Any CPU
		{73CA6F91-69A1-482F-8AAA-6F3D08D923D1}.Ad-Hoc|iPhoneSimulator.Build.0 = Release|Any CPU
		{73CA6F91-69A1-482F-8AAA-6F3D08D923D1}.Ad-Hoc|Mixed Platforms.ActiveCfg = Release|Any CPU
		{73CA6F91-69A1-482F-8AAA-6F3D08D923D1}.Ad-Hoc|Mixed Platforms.Build.0 = Release|Any CPU
		{73CA6F91-69A1-482F-8AAA-6F3D08D923D1}.Ad-Hoc|Win32.ActiveCfg = Release|Any CPU
		{73CA6F91-69A1-482F-8AAA-6F3D08D923D1}.Ad-Hoc|Win32.Build.0 = Release|Any CPU
		{73CA6F91-69A1-482F-8AAA-6F3D08D923D1}.Ad-Hoc|x64.ActiveCfg = Release|Any CPU
		{73CA6F91-69A1-482F-8AAA-6F3D08D923D1}.Ad-Hoc|x64.Build.0 = Release|Any CPU
		{73CA6F91-69A1-482F-8AAA-6F3D08D923D1}.Ad-Hoc|x86.ActiveCfg = Release|Any CPU
		{73CA6F91-69A1-482F-8AAA-6F3D08D923D1}.Ad-Hoc|x86.Build.0 = Release|Any CPU
		{73CA6F91-69A1-482F-8AAA-6F3D08D923D1}.AppStore|Any CPU.ActiveCfg = Release|Any CPU
		{73CA6F91-69A1-482F-8AAA-6F3D08D923D1}.AppStore|Any CPU.Build.0 = Release|Any CPU
		{73CA6F91-69A1-482F-8AAA-6F3D08D923D1}.AppStore|iPhone.ActiveCfg = Release|Any CPU
		{73CA6F91-69A1-482F-8AAA-6F3D08D923D1}.AppStore|iPhone.Build.0 = Release|Any CPU
		{73CA6F91-69A1-482F-8AAA-6F3D08D923D1}.AppStore|iPhoneSimulator.ActiveCfg = Release|Any CPU
		{73CA6F91-69A1-482F-8AAA-6F3D08D923D1}.AppStore|iPhoneSimulator.Build.0 = Release|Any CPU
		{73CA6F91-69A1-482F-8AAA-6F3D08D923D1}.AppStore|Mixed Platforms.ActiveCfg = Release|Any CPU
		{73CA6F91-69A1-482F-8AAA-6F3D08D923D1}.AppStore|Mixed Platforms.Build.0 = Release|Any CPU
		{73CA6F91-69A1-482F-8AAA-6F3D08D923D1}.AppStore|Win32.ActiveCfg = Release|Any CPU
		{73CA6F91-69A1-482F-8AAA-6F3D08D923D1}.AppStore|Win32.Build.0 = Release|Any CPU
		{73CA6F91-69A1-482F-8AAA-6F3D08D923D1}.AppStore|x64.ActiveCfg = Release|Any CPU
		{73CA6F91-69A1-482F-8AAA-6F3D08D923D1}.AppStore|x64.Build.0 = Release|Any CPU
		{73CA6F91-69A1-482F-8AAA-6F3D08D923D1}.AppStore|x86.ActiveCfg = Release|Any CPU
		{73CA6F91-69A1-482F-8AAA-6F3D08D923D1}.AppStore|x86.Build.0 = Release|Any CPU
		{73CA6F91-69A1-482F-8AAA-6F3D08D923D1}.Debug|Any CPU.ActiveCfg = Debug|Any CPU
		{73CA6F91-69A1-482F-8AAA-6F3D08D923D1}.Debug|Any CPU.Build.0 = Debug|Any CPU
		{73CA6F91-69A1-482F-8AAA-6F3D08D923D1}.Debug|iPhone.ActiveCfg = Debug|Any CPU
		{73CA6F91-69A1-482F-8AAA-6F3D08D923D1}.Debug|iPhone.Build.0 = Debug|Any CPU
		{73CA6F91-69A1-482F-8AAA-6F3D08D923D1}.Debug|iPhoneSimulator.ActiveCfg = Debug|Any CPU
		{73CA6F91-69A1-482F-8AAA-6F3D08D923D1}.Debug|iPhoneSimulator.Build.0 = Debug|Any CPU
		{73CA6F91-69A1-482F-8AAA-6F3D08D923D1}.Debug|Mixed Platforms.ActiveCfg = Debug|Any CPU
		{73CA6F91-69A1-482F-8AAA-6F3D08D923D1}.Debug|Mixed Platforms.Build.0 = Debug|Any CPU
		{73CA6F91-69A1-482F-8AAA-6F3D08D923D1}.Debug|Win32.ActiveCfg = Debug|Any CPU
		{73CA6F91-69A1-482F-8AAA-6F3D08D923D1}.Debug|Win32.Build.0 = Debug|Any CPU
		{73CA6F91-69A1-482F-8AAA-6F3D08D923D1}.Debug|x64.ActiveCfg = Debug|Any CPU
		{73CA6F91-69A1-482F-8AAA-6F3D08D923D1}.Debug|x64.Build.0 = Debug|Any CPU
		{73CA6F91-69A1-482F-8AAA-6F3D08D923D1}.Debug|x86.ActiveCfg = Debug|Any CPU
		{73CA6F91-69A1-482F-8AAA-6F3D08D923D1}.Debug|x86.Build.0 = Debug|Any CPU
		{73CA6F91-69A1-482F-8AAA-6F3D08D923D1}.Distribution|Any CPU.ActiveCfg = Debug|Any CPU
		{73CA6F91-69A1-482F-8AAA-6F3D08D923D1}.Distribution|Any CPU.Build.0 = Debug|Any CPU
		{73CA6F91-69A1-482F-8AAA-6F3D08D923D1}.Distribution|iPhone.ActiveCfg = Debug|Any CPU
		{73CA6F91-69A1-482F-8AAA-6F3D08D923D1}.Distribution|iPhone.Build.0 = Debug|Any CPU
		{73CA6F91-69A1-482F-8AAA-6F3D08D923D1}.Distribution|iPhoneSimulator.ActiveCfg = Debug|Any CPU
		{73CA6F91-69A1-482F-8AAA-6F3D08D923D1}.Distribution|iPhoneSimulator.Build.0 = Debug|Any CPU
		{73CA6F91-69A1-482F-8AAA-6F3D08D923D1}.Distribution|Mixed Platforms.ActiveCfg = Debug|Any CPU
		{73CA6F91-69A1-482F-8AAA-6F3D08D923D1}.Distribution|Mixed Platforms.Build.0 = Debug|Any CPU
		{73CA6F91-69A1-482F-8AAA-6F3D08D923D1}.Distribution|Win32.ActiveCfg = Debug|Any CPU
		{73CA6F91-69A1-482F-8AAA-6F3D08D923D1}.Distribution|Win32.Build.0 = Debug|Any CPU
		{73CA6F91-69A1-482F-8AAA-6F3D08D923D1}.Distribution|x64.ActiveCfg = Debug|Any CPU
		{73CA6F91-69A1-482F-8AAA-6F3D08D923D1}.Distribution|x64.Build.0 = Debug|Any CPU
		{73CA6F91-69A1-482F-8AAA-6F3D08D923D1}.Distribution|x86.ActiveCfg = Debug|Any CPU
		{73CA6F91-69A1-482F-8AAA-6F3D08D923D1}.Distribution|x86.Build.0 = Debug|Any CPU
		{73CA6F91-69A1-482F-8AAA-6F3D08D923D1}.DistributionDebug|Any CPU.ActiveCfg = Debug|Any CPU
		{73CA6F91-69A1-482F-8AAA-6F3D08D923D1}.DistributionDebug|Any CPU.Build.0 = Debug|Any CPU
		{73CA6F91-69A1-482F-8AAA-6F3D08D923D1}.DistributionDebug|iPhone.ActiveCfg = Debug|Any CPU
		{73CA6F91-69A1-482F-8AAA-6F3D08D923D1}.DistributionDebug|iPhone.Build.0 = Debug|Any CPU
		{73CA6F91-69A1-482F-8AAA-6F3D08D923D1}.DistributionDebug|iPhoneSimulator.ActiveCfg = Debug|Any CPU
		{73CA6F91-69A1-482F-8AAA-6F3D08D923D1}.DistributionDebug|iPhoneSimulator.Build.0 = Debug|Any CPU
		{73CA6F91-69A1-482F-8AAA-6F3D08D923D1}.DistributionDebug|Mixed Platforms.ActiveCfg = Debug|Any CPU
		{73CA6F91-69A1-482F-8AAA-6F3D08D923D1}.DistributionDebug|Mixed Platforms.Build.0 = Debug|Any CPU
		{73CA6F91-69A1-482F-8AAA-6F3D08D923D1}.DistributionDebug|Win32.ActiveCfg = Debug|Any CPU
		{73CA6F91-69A1-482F-8AAA-6F3D08D923D1}.DistributionDebug|Win32.Build.0 = Debug|Any CPU
		{73CA6F91-69A1-482F-8AAA-6F3D08D923D1}.DistributionDebug|x64.ActiveCfg = Debug|Any CPU
		{73CA6F91-69A1-482F-8AAA-6F3D08D923D1}.DistributionDebug|x64.Build.0 = Debug|Any CPU
		{73CA6F91-69A1-482F-8AAA-6F3D08D923D1}.DistributionDebug|x86.ActiveCfg = Debug|Any CPU
		{73CA6F91-69A1-482F-8AAA-6F3D08D923D1}.DistributionDebug|x86.Build.0 = Debug|Any CPU
		{73CA6F91-69A1-482F-8AAA-6F3D08D923D1}.Release|Any CPU.ActiveCfg = Release|Any CPU
		{73CA6F91-69A1-482F-8AAA-6F3D08D923D1}.Release|Any CPU.Build.0 = Release|Any CPU
		{73CA6F91-69A1-482F-8AAA-6F3D08D923D1}.Release|iPhone.ActiveCfg = Release|Any CPU
		{73CA6F91-69A1-482F-8AAA-6F3D08D923D1}.Release|iPhone.Build.0 = Release|Any CPU
		{73CA6F91-69A1-482F-8AAA-6F3D08D923D1}.Release|iPhoneSimulator.ActiveCfg = Release|Any CPU
		{73CA6F91-69A1-482F-8AAA-6F3D08D923D1}.Release|iPhoneSimulator.Build.0 = Release|Any CPU
		{73CA6F91-69A1-482F-8AAA-6F3D08D923D1}.Release|Mixed Platforms.ActiveCfg = Release|Any CPU
		{73CA6F91-69A1-482F-8AAA-6F3D08D923D1}.Release|Mixed Platforms.Build.0 = Release|Any CPU
		{73CA6F91-69A1-482F-8AAA-6F3D08D923D1}.Release|Win32.ActiveCfg = Release|Any CPU
		{73CA6F91-69A1-482F-8AAA-6F3D08D923D1}.Release|Win32.Build.0 = Release|Any CPU
		{73CA6F91-69A1-482F-8AAA-6F3D08D923D1}.Release|x64.ActiveCfg = Release|Any CPU
		{73CA6F91-69A1-482F-8AAA-6F3D08D923D1}.Release|x64.Build.0 = Release|Any CPU
		{73CA6F91-69A1-482F-8AAA-6F3D08D923D1}.Release|x86.ActiveCfg = Release|Any CPU
		{73CA6F91-69A1-482F-8AAA-6F3D08D923D1}.Release|x86.Build.0 = Release|Any CPU
	EndGlobalSection
	GlobalSection(SolutionProperties) = preSolution
		HideSolutionNode = FALSE
	EndGlobalSection
	GlobalSection(ExtensibilityGlobals) = postSolution
		SolutionGuid = {D34D94C1-649F-4284-A6B0-39FD2668B7D6}
	EndGlobalSection
EndGlobal
